<?xml version="1.0" encoding="utf-8"?>
<!--
xmake version 2.5.5+202107010648

  This file is auto generated by xmake.

  Please DO NOT EDIT since all your modification will lost after re-generation.
  See https://github.com/xmake-io/xmake/pull/472 for more infomation.
-->
<Project ToolsVersion="4.0" xmlns="http://schemas.microsoft.com/developer/msbuild/2003">
  <ItemGroup>
    <Filter Include="Properties">
      <UniqueIdentifier>{CC7C6180-942D-056E-3227-E6A2B3FB19CD}</UniqueIdentifier>
    </Filter>
    <Filter Include="src\tbox\platform\linux">
      <UniqueIdentifier>{BE27B28F-C5AD-4071-815D-DB4078B716E2}</UniqueIdentifier>
    </Filter>
    <Filter Include="src\tbox\platform\mach\ios">
      <UniqueIdentifier>{02FC70EC-0E48-4F9A-BA49-EF021C08D560}</UniqueIdentifier>
    </Filter>
    <Filter Include="src\tbox\platform\mach">
      <UniqueIdentifier>{7C08DEFB-3FDC-4364-9327-EFCF2C28D397}</UniqueIdentifier>
    </Filter>
    <Filter Include="src\tbox\platform\posix">
      <UniqueIdentifier>{921A2B3F-74A8-4232-959F-2A6F906FB092}</UniqueIdentifier>
    </Filter>
    <Filter Include="src\tbox\platform\systemv">
      <UniqueIdentifier>{220BF345-1B41-42BD-A311-B89BB0F06810}</UniqueIdentifier>
    </Filter>
    <Filter Include="src\tbox\platform\unix">
      <UniqueIdentifier>{8D2FF13F-439B-4797-A689-0FBB1247871E}</UniqueIdentifier>
    </Filter>
    <Filter Include="src\tbox\platform\windows">
      <UniqueIdentifier>{197C50D5-4AC7-4E35-8057-72E4FE5C2FE1}</UniqueIdentifier>
    </Filter>
    <Filter Include="build\windows\x64\release">
      <UniqueIdentifier>{E6908C21-973B-463D-8745-649EDF8FEDA1}</UniqueIdentifier>
    </Filter>
    <Filter Include="src\tbox\libc\impl">
      <UniqueIdentifier>{54516729-C733-4227-982E-FF10FE649290}</UniqueIdentifier>
    </Filter>
    <Filter Include="src\tbox\libc">
      <UniqueIdentifier>{EB1293B8-6F7D-4CCF-9E2C-3188E90D6C69}</UniqueIdentifier>
    </Filter>
    <Filter Include="src\tbox">
      <UniqueIdentifier>{49416ACB-5B93-40DC-A0EC-4CAAFA33EE45}</UniqueIdentifier>
    </Filter>
    <Filter Include="src\tbox\libc\misc\time">
      <UniqueIdentifier>{ECE7C0EC-EE35-44B9-B6DF-ED72E95759F9}</UniqueIdentifier>
    </Filter>
    <Filter Include="src\tbox\libc\misc">
      <UniqueIdentifier>{9ED2809E-7506-46FD-9243-23E73C3BD66C}</UniqueIdentifier>
    </Filter>
    <Filter Include="src\tbox\platform\windows\interface">
      <UniqueIdentifier>{70B6EB54-B867-477B-9DEE-36A1A6DE6BE4}</UniqueIdentifier>
    </Filter>
    <Filter Include="src\tbox\libc\stdio">
      <UniqueIdentifier>{62CA864C-40CF-4757-9551-A9CFC2CBC510}</UniqueIdentifier>
    </Filter>
    <Filter Include="src\tbox\libc\stdlib">
      <UniqueIdentifier>{720A11BA-6914-4918-91CB-04F39217B6D0}</UniqueIdentifier>
    </Filter>
    <Filter Include="src\tbox\libc\string">
      <UniqueIdentifier>{240334D2-6267-41E1-838A-EECFF4852AA1}</UniqueIdentifier>
    </Filter>
    <Filter Include="src\tbox\utils">
      <UniqueIdentifier>{E98F3314-7D2D-4F4E-823C-A8109ED3AE8B}</UniqueIdentifier>
    </Filter>
    <Filter Include="src\tbox\regex">
      <UniqueIdentifier>{55C6C054-07E5-4165-97BD-0FAA34FEF925}</UniqueIdentifier>
    </Filter>
    <Filter Include="src\tbox\libm">
      <UniqueIdentifier>{97D4B88D-9951-4FFB-A0B0-A5C4D97F6C53}</UniqueIdentifier>
    </Filter>
    <Filter Include="src\tbox\memory\impl">
      <UniqueIdentifier>{801BA5F7-F641-4B50-A625-7CB12099C1E2}</UniqueIdentifier>
    </Filter>
    <Filter Include="src\tbox\string">
      <UniqueIdentifier>{14605A68-8D08-4F77-89DC-A0CCA07314D5}</UniqueIdentifier>
    </Filter>
    <Filter Include="src\tbox\stream">
      <UniqueIdentifier>{57B4D25E-AC0E-4FF1-B667-8392C07455F3}</UniqueIdentifier>
    </Filter>
    <Filter Include="src\tbox\stream\impl\filter">
      <UniqueIdentifier>{CF03C116-E57F-449F-B67E-2C4DABED3B0E}</UniqueIdentifier>
    </Filter>
    <Filter Include="src\tbox\stream\impl">
      <UniqueIdentifier>{DA10BDEA-7B7E-41BD-A493-9070CDDAF3BA}</UniqueIdentifier>
    </Filter>
    <Filter Include="src\tbox\stream\impl\stream">
      <UniqueIdentifier>{75A131A3-9F6D-4F7B-8491-D12CDDF4C911}</UniqueIdentifier>
    </Filter>
    <Filter Include="src\tbox\algorithm">
      <UniqueIdentifier>{2878A9F3-DF01-492E-87D4-B608602E09A8}</UniqueIdentifier>
    </Filter>
    <Filter Include="src\tbox\network">
      <UniqueIdentifier>{4A4FCA4F-7328-4E4C-86DC-AD91E8B081A6}</UniqueIdentifier>
    </Filter>
    <Filter Include="src\tbox\network\dns">
      <UniqueIdentifier>{A7BB9FC6-8038-4670-9A36-9AF9BB843473}</UniqueIdentifier>
    </Filter>
    <Filter Include="build\windows\x86\debug">
      <UniqueIdentifier>{10E4FFB6-D598-43B3-9526-A2379324A0BD}</UniqueIdentifier>
    </Filter>
    <Filter Include="src\tbox\network\impl\http">
      <UniqueIdentifier>{FDEB4F21-7668-48E0-9466-49327599D15F}</UniqueIdentifier>
    </Filter>
    <Filter Include="src\tbox\prefix">
      <UniqueIdentifier>{D549D751-2626-4F8B-88EB-5C6C1F0C2BD5}</UniqueIdentifier>
    </Filter>
    <Filter Include="src\tbox\network\impl">
      <UniqueIdentifier>{C4CCE9BE-25A7-4F7E-A28F-224DD6F243A7}</UniqueIdentifier>
    </Filter>
    <Filter Include="build\windows\x64\debug">
      <UniqueIdentifier>{FC7B7848-2E58-46F1-90BC-1B0864A5EACC}</UniqueIdentifier>
    </Filter>
    <Filter Include="build\windows\x86\release">
      <UniqueIdentifier>{C23D85E9-F1D3-485B-B9AA-02B0F8ADDB19}</UniqueIdentifier>
    </Filter>
    <Filter Include="src\tbox\container">
      <UniqueIdentifier>{45C7F8B4-49A6-4A11-A6F4-B0AF0071CDA3}</UniqueIdentifier>
    </Filter>
    <Filter Include="src\tbox\math\impl">
      <UniqueIdentifier>{6449E443-5756-4052-9B44-D68696EE189C}</UniqueIdentifier>
    </Filter>
    <Filter Include="build\windows\x64">
      <UniqueIdentifier>{F04829DD-B0D2-48F2-8146-8EB185632029}</UniqueIdentifier>
    </Filter>
    <Filter Include="build">
      <UniqueIdentifier>{70D66F0B-F6E8-4D26-B3C6-AB7F43B19511}</UniqueIdentifier>
    </Filter>
    <Filter Include="build\windows">
      <UniqueIdentifier>{1262BCDC-212E-46D8-A1D4-CF18D6B16BD1}</UniqueIdentifier>
    </Filter>
    <Filter Include="build\windows\x86">
      <UniqueIdentifier>{3842D79A-24E1-4698-82D1-DF06F6F01CF5}</UniqueIdentifier>
    </Filter>
    <Filter Include="src\tbox\charset">
      <UniqueIdentifier>{E4BA3291-4789-4B7F-84F9-9B2AEB82EDF7}</UniqueIdentifier>
    </Filter>
    <Filter Include="src\tbox\container\element">
      <UniqueIdentifier>{40E29CB4-A786-4F02-8CE5-9974A09A51AE}</UniqueIdentifier>
    </Filter>
    <Filter Include="src\tbox\coroutine">
      <UniqueIdentifier>{39273F22-5825-4E31-A649-F6F4F5308D23}</UniqueIdentifier>
    </Filter>
    <Filter Include="src\tbox\utils\impl">
      <UniqueIdentifier>{E36A493B-396A-44E7-A4DF-D36C0FBA6F27}</UniqueIdentifier>
    </Filter>
    <Filter Include="src\tbox\coroutine\stackless">
      <UniqueIdentifier>{815AB599-509D-4250-B5DC-798FC82A46C3}</UniqueIdentifier>
    </Filter>
    <Filter Include="src\tbox\prefix\x86">
      <UniqueIdentifier>{CCD9B1EC-1C4D-4C29-99F8-2F5829FBCC02}</UniqueIdentifier>
    </Filter>
    <Filter Include="src\tbox\database">
      <UniqueIdentifier>{37846E4C-5450-4C46-9410-BEC0F4685A98}</UniqueIdentifier>
    </Filter>
    <Filter Include="src\tbox\prefix\x64">
      <UniqueIdentifier>{732165A0-0B06-4BC0-8094-D3C4DD76E857}</UniqueIdentifier>
    </Filter>
    <Filter Include="src\tbox\object">
      <UniqueIdentifier>{992342C6-82BA-49B6-9913-58EF58EA6FCB}</UniqueIdentifier>
    </Filter>
    <Filter Include="src">
      <UniqueIdentifier>{491FBF00-292E-479F-8C8F-7A2AC045023A}</UniqueIdentifier>
    </Filter>
    <Filter Include="src\tbox\hash">
      <UniqueIdentifier>{8D2123D3-6C11-4BA9-A5E9-E2C4E629319C}</UniqueIdentifier>
    </Filter>
    <Filter Include="src\tbox\prefix\arm64">
      <UniqueIdentifier>{ABFE98F1-2D06-41B3-873D-77F8AC4C1B2B}</UniqueIdentifier>
    </Filter>
    <Filter Include="src\tbox\math">
      <UniqueIdentifier>{7AE9AB42-EADE-40D6-BACD-CA011FCA0404}</UniqueIdentifier>
    </Filter>
    <Filter Include="src\tbox\math\random">
      <UniqueIdentifier>{8DFD9A61-5C7C-4EBB-A019-5A7200EA2BDE}</UniqueIdentifier>
    </Filter>
    <Filter Include="src\tbox\platform\arch">
      <UniqueIdentifier>{DD703466-3B70-4B59-8BB3-A925ABB37364}</UniqueIdentifier>
    </Filter>
    <Filter Include="src\tbox\platform">
      <UniqueIdentifier>{EC48DDFB-EA7A-4220-AE1F-76C8E4D9F180}</UniqueIdentifier>
    </Filter>
    <Filter Include="src\tbox\platform\arch\arm64">
      <UniqueIdentifier>{A496F6A7-F13A-42AB-B8EE-BF44DAB384F2}</UniqueIdentifier>
    </Filter>
    <Filter Include="src\tbox\memory">
      <UniqueIdentifier>{03C50A6E-747D-42AF-9536-8356A5B4C859}</UniqueIdentifier>
    </Filter>
    <Filter Include="src\tbox\platform\arch\mips">
      <UniqueIdentifier>{C82B34D6-E31E-412F-89C5-8BD5D3BF8AF4}</UniqueIdentifier>
    </Filter>
    <Filter Include="src\tbox\platform\impl">
      <UniqueIdentifier>{669680DF-7D7A-4636-885D-12A3BD439DA4}</UniqueIdentifier>
    </Filter>
    <Filter Include="src\tbox\platform\arch\x64">
      <UniqueIdentifier>{679A9E06-357B-4074-995C-D0A3B8715CFA}</UniqueIdentifier>
    </Filter>
    <Filter Include="src\tbox\platform\android">
      <UniqueIdentifier>{7AB51E35-3FA6-4ACA-A536-822E42A16594}</UniqueIdentifier>
    </Filter>
    <Filter Include="src\tbox\platform\arch\x86">
      <UniqueIdentifier>{5F258994-D438-4A8A-A2C5-3A9E45A0B6BC}</UniqueIdentifier>
    </Filter>
    <Filter Include="src\tbox\libm\impl">
      <UniqueIdentifier>{3E09A8C9-71AC-44DE-943F-5D59E102E193}</UniqueIdentifier>
    </Filter>
    <Filter Include="src\tbox\platform\bsd">
      <UniqueIdentifier>{A9A8C604-3222-4AFC-A03F-97330A640DB7}</UniqueIdentifier>
    </Filter>
    <Filter Include="src\tbox\platform\arch\arm">
      <UniqueIdentifier>{74BF1F06-AC9B-45CB-BA75-84173191C3DD}</UniqueIdentifier>
    </Filter>
    <Filter Include="src\tbox\platform\compiler\gcc">
      <UniqueIdentifier>{CF9796F3-C3F4-4FB4-B748-66153088AE50}</UniqueIdentifier>
    </Filter>
    <Filter Include="src\tbox\zip">
      <UniqueIdentifier>{300997DB-39D9-4E9D-A366-58AD4A6240AF}</UniqueIdentifier>
    </Filter>
    <Filter Include="src\tbox\platform\compiler">
      <UniqueIdentifier>{CBC12250-5393-4142-8FF8-C323EEA34FF9}</UniqueIdentifier>
    </Filter>
    <Filter Include="src\tbox\xml">
      <UniqueIdentifier>{3A55F5CB-1580-459F-A318-9AA2C780C47E}</UniqueIdentifier>
    </Filter>
    <Filter Include="src\tbox\platform\deprecated">
      <UniqueIdentifier>{822A3DDE-77D3-4DB7-9B9D-D9C9D715E49D}</UniqueIdentifier>
    </Filter>
    <Filter Include="src\tbox\prefix\arm">
      <UniqueIdentifier>{F161B283-BF5A-40BD-B3AC-134863D5D68E}</UniqueIdentifier>
    </Filter>
    <Filter Include="src\tbox\platform\libc">
      <UniqueIdentifier>{11593F21-2532-4E91-8CFE-3079396E1FFC}</UniqueIdentifier>
    </Filter>
    <Filter Include="src\tbox\prefix\mips">
      <UniqueIdentifier>{EFB97548-3F3A-48A8-9127-42C169050765}</UniqueIdentifier>
    </Filter>

  </ItemGroup>
  <ItemGroup>
    <None Include="$(MSBuildProjectDirectory)\Xmake.Custom.props">
      <Filter>Properties</Filter>
    </None>
    <None Include="$(MSBuildProjectDirectory)\Xmake.Custom.targets">
      <Filter>Properties</Filter>
    </None>
    <None Include="$(MSBuildProjectDirectory)\Xmake.Custom.items">
      <Filter>Properties</Filter>
    </None>
    <None Include="$(MSBuildProjectDirectory)\Xmake.Custom.items.filters">
      <Filter>Properties</Filter>
    </None>
    <None Include="$(XmakeScriptDir)\xmake.lua">
      <Filter>Properties</Filter>
    </None>
  </ItemGroup>
  <ItemGroup>
    <ClInclude Include="$(XmakeProjectDir)\src\tbox\algorithm\algorithm.h">
      <Filter>src\tbox\algorithm</Filter>
    </ClInclude>
    <ClInclude Include="$(XmakeProjectDir)\src\tbox\algorithm\binary_find.h">
      <Filter>src\tbox\algorithm</Filter>
    </ClInclude>
    <ClInclude Include="$(XmakeProjectDir)\src\tbox\algorithm\binary_find_if.h">
      <Filter>src\tbox\algorithm</Filter>
    </ClInclude>
    <ClInclude Include="$(XmakeProjectDir)\src\tbox\algorithm\bubble_sort.h">
      <Filter>src\tbox\algorithm</Filter>
    </ClInclude>
    <ClInclude Include="$(XmakeProjectDir)\src\tbox\algorithm\count.h">
      <Filter>src\tbox\algorithm</Filter>
    </ClInclude>
    <ClInclude Include="$(XmakeProjectDir)\src\tbox\algorithm\count_if.h">
      <Filter>src\tbox\algorithm</Filter>
    </ClInclude>
    <ClInclude Include="$(XmakeProjectDir)\src\tbox\algorithm\distance.h">
      <Filter>src\tbox\algorithm</Filter>
    </ClInclude>
    <ClInclude Include="$(XmakeProjectDir)\src\tbox\algorithm\find.h">
      <Filter>src\tbox\algorithm</Filter>
    </ClInclude>
    <ClInclude Include="$(XmakeProjectDir)\src\tbox\algorithm\find_if.h">
      <Filter>src\tbox\algorithm</Filter>
    </ClInclude>
    <ClInclude Include="$(XmakeProjectDir)\src\tbox\algorithm\for.h">
      <Filter>src\tbox\algorithm</Filter>
    </ClInclude>
    <ClInclude Include="$(XmakeProjectDir)\src\tbox\algorithm\for_if.h">
      <Filter>src\tbox\algorithm</Filter>
    </ClInclude>
    <ClInclude Include="$(XmakeProjectDir)\src\tbox\algorithm\heap_sort.h">
      <Filter>src\tbox\algorithm</Filter>
    </ClInclude>
    <ClInclude Include="$(XmakeProjectDir)\src\tbox\algorithm\insert_sort.h">
      <Filter>src\tbox\algorithm</Filter>
    </ClInclude>
    <ClInclude Include="$(XmakeProjectDir)\src\tbox\algorithm\predicate.h">
      <Filter>src\tbox\algorithm</Filter>
    </ClInclude>
    <ClInclude Include="$(XmakeProjectDir)\src\tbox\algorithm\prefix.h">
      <Filter>src\tbox\algorithm</Filter>
    </ClInclude>
    <ClInclude Include="$(XmakeProjectDir)\src\tbox\algorithm\quick_sort.h">
      <Filter>src\tbox\algorithm</Filter>
    </ClInclude>
    <ClInclude Include="$(XmakeProjectDir)\src\tbox\algorithm\remove.h">
      <Filter>src\tbox\algorithm</Filter>
    </ClInclude>
    <ClInclude Include="$(XmakeProjectDir)\src\tbox\algorithm\remove_first.h">
      <Filter>src\tbox\algorithm</Filter>
    </ClInclude>
    <ClInclude Include="$(XmakeProjectDir)\src\tbox\algorithm\remove_first_if.h">
      <Filter>src\tbox\algorithm</Filter>
    </ClInclude>
    <ClInclude Include="$(XmakeProjectDir)\src\tbox\algorithm\remove_if.h">
      <Filter>src\tbox\algorithm</Filter>
    </ClInclude>
    <ClInclude Include="$(XmakeProjectDir)\src\tbox\algorithm\rfind.h">
      <Filter>src\tbox\algorithm</Filter>
    </ClInclude>
    <ClInclude Include="$(XmakeProjectDir)\src\tbox\algorithm\rfind_if.h">
      <Filter>src\tbox\algorithm</Filter>
    </ClInclude>
    <ClInclude Include="$(XmakeProjectDir)\src\tbox\algorithm\rfor.h">
      <Filter>src\tbox\algorithm</Filter>
    </ClInclude>
    <ClInclude Include="$(XmakeProjectDir)\src\tbox\algorithm\rfor_if.h">
      <Filter>src\tbox\algorithm</Filter>
    </ClInclude>
    <ClInclude Include="$(XmakeProjectDir)\src\tbox\algorithm\rwalk.h">
      <Filter>src\tbox\algorithm</Filter>
    </ClInclude>
    <ClInclude Include="$(XmakeProjectDir)\src\tbox\algorithm\sort.h">
      <Filter>src\tbox\algorithm</Filter>
    </ClInclude>
    <ClInclude Include="$(XmakeProjectDir)\src\tbox\algorithm\walk.h">
      <Filter>src\tbox\algorithm</Filter>
    </ClInclude>
    <ClInclude Include="$(XmakeProjectDir)\src\tbox\charset\charset.h">
      <Filter>src\tbox\charset</Filter>
    </ClInclude>
    <ClInclude Include="$(XmakeProjectDir)\src\tbox\charset\prefix.h">
      <Filter>src\tbox\charset</Filter>
    </ClInclude>
    <ClInclude Include="$(XmakeProjectDir)\src\tbox\config.h">
      <Filter>src\tbox</Filter>
    </ClInclude>
    <ClInclude Include="$(XmakeProjectDir)\src\tbox\container\array_iterator.h">
      <Filter>src\tbox\container</Filter>
    </ClInclude>
    <ClInclude Include="$(XmakeProjectDir)\src\tbox\container\bloom_filter.h">
      <Filter>src\tbox\container</Filter>
    </ClInclude>
    <ClInclude Include="$(XmakeProjectDir)\src\tbox\container\circle_queue.h">
      <Filter>src\tbox\container</Filter>
    </ClInclude>
    <ClInclude Include="$(XmakeProjectDir)\src\tbox\container\container.h">
      <Filter>src\tbox\container</Filter>
    </ClInclude>
    <ClInclude Include="$(XmakeProjectDir)\src\tbox\container\element\hash.h">
      <Filter>src\tbox\container\element</Filter>
    </ClInclude>
    <ClInclude Include="$(XmakeProjectDir)\src\tbox\container\element\prefix.h">
      <Filter>src\tbox\container\element</Filter>
    </ClInclude>
    <ClInclude Include="$(XmakeProjectDir)\src\tbox\container\element.h">
      <Filter>src\tbox\container</Filter>
    </ClInclude>
    <ClInclude Include="$(XmakeProjectDir)\src\tbox\container\hash_map.h">
      <Filter>src\tbox\container</Filter>
    </ClInclude>
    <ClInclude Include="$(XmakeProjectDir)\src\tbox\container\hash_set.h">
      <Filter>src\tbox\container</Filter>
    </ClInclude>
    <ClInclude Include="$(XmakeProjectDir)\src\tbox\container\heap.h">
      <Filter>src\tbox\container</Filter>
    </ClInclude>
    <ClInclude Include="$(XmakeProjectDir)\src\tbox\container\iterator.h">
      <Filter>src\tbox\container</Filter>
    </ClInclude>
    <ClInclude Include="$(XmakeProjectDir)\src\tbox\container\list.h">
      <Filter>src\tbox\container</Filter>
    </ClInclude>
    <ClInclude Include="$(XmakeProjectDir)\src\tbox\container\list_entry.h">
      <Filter>src\tbox\container</Filter>
    </ClInclude>
    <ClInclude Include="$(XmakeProjectDir)\src\tbox\container\prefix.h">
      <Filter>src\tbox\container</Filter>
    </ClInclude>
    <ClInclude Include="$(XmakeProjectDir)\src\tbox\container\priority_queue.h">
      <Filter>src\tbox\container</Filter>
    </ClInclude>
    <ClInclude Include="$(XmakeProjectDir)\src\tbox\container\queue.h">
      <Filter>src\tbox\container</Filter>
    </ClInclude>
    <ClInclude Include="$(XmakeProjectDir)\src\tbox\container\single_list.h">
      <Filter>src\tbox\container</Filter>
    </ClInclude>
    <ClInclude Include="$(XmakeProjectDir)\src\tbox\container\single_list_entry.h">
      <Filter>src\tbox\container</Filter>
    </ClInclude>
    <ClInclude Include="$(XmakeProjectDir)\src\tbox\container\stack.h">
      <Filter>src\tbox\container</Filter>
    </ClInclude>
    <ClInclude Include="$(XmakeProjectDir)\src\tbox\container\vector.h">
      <Filter>src\tbox\container</Filter>
    </ClInclude>
    <ClInclude Include="$(XmakeProjectDir)\src\tbox\coroutine\channel.h">
      <Filter>src\tbox\coroutine</Filter>
    </ClInclude>
    <ClInclude Include="$(XmakeProjectDir)\src\tbox\coroutine\coroutine.h">
      <Filter>src\tbox\coroutine</Filter>
    </ClInclude>
    <ClInclude Include="$(XmakeProjectDir)\src\tbox\coroutine\lock.h">
      <Filter>src\tbox\coroutine</Filter>
    </ClInclude>
    <ClInclude Include="$(XmakeProjectDir)\src\tbox\coroutine\prefix.h">
      <Filter>src\tbox\coroutine</Filter>
    </ClInclude>
    <ClInclude Include="$(XmakeProjectDir)\src\tbox\coroutine\scheduler.h">
      <Filter>src\tbox\coroutine</Filter>
    </ClInclude>
    <ClInclude Include="$(XmakeProjectDir)\src\tbox\coroutine\semaphore.h">
      <Filter>src\tbox\coroutine</Filter>
    </ClInclude>
    <ClInclude Include="$(XmakeProjectDir)\src\tbox\coroutine\stackless\core.h">
      <Filter>src\tbox\coroutine\stackless</Filter>
    </ClInclude>
    <ClInclude Include="$(XmakeProjectDir)\src\tbox\coroutine\stackless\coroutine.h">
      <Filter>src\tbox\coroutine\stackless</Filter>
    </ClInclude>
    <ClInclude Include="$(XmakeProjectDir)\src\tbox\coroutine\stackless\lock.h">
      <Filter>src\tbox\coroutine\stackless</Filter>
    </ClInclude>
    <ClInclude Include="$(XmakeProjectDir)\src\tbox\coroutine\stackless\prefix.h">
      <Filter>src\tbox\coroutine\stackless</Filter>
    </ClInclude>
    <ClInclude Include="$(XmakeProjectDir)\src\tbox\coroutine\stackless\scheduler.h">
      <Filter>src\tbox\coroutine\stackless</Filter>
    </ClInclude>
    <ClInclude Include="$(XmakeProjectDir)\src\tbox\coroutine\stackless\semaphore.h">
      <Filter>src\tbox\coroutine\stackless</Filter>
    </ClInclude>
    <ClInclude Include="$(XmakeProjectDir)\src\tbox\coroutine\stackless\stackless.h">
      <Filter>src\tbox\coroutine\stackless</Filter>
    </ClInclude>
    <ClInclude Include="$(XmakeProjectDir)\src\tbox\database\database.h">
      <Filter>src\tbox\database</Filter>
    </ClInclude>
    <ClInclude Include="$(XmakeProjectDir)\src\tbox\database\prefix.h">
      <Filter>src\tbox\database</Filter>
    </ClInclude>
    <ClInclude Include="$(XmakeProjectDir)\src\tbox\database\sql.h">
      <Filter>src\tbox\database</Filter>
    </ClInclude>
    <ClInclude Include="$(XmakeProjectDir)\src\tbox\database\value.h">
      <Filter>src\tbox\database</Filter>
    </ClInclude>
    <ClInclude Include="$(XmakeProjectDir)\src\tbox\hash\adler32.h">
      <Filter>src\tbox\hash</Filter>
    </ClInclude>
    <ClInclude Include="$(XmakeProjectDir)\src\tbox\hash\ap.h">
      <Filter>src\tbox\hash</Filter>
    </ClInclude>
    <ClInclude Include="$(XmakeProjectDir)\src\tbox\hash\bkdr.h">
      <Filter>src\tbox\hash</Filter>
    </ClInclude>
    <ClInclude Include="$(XmakeProjectDir)\src\tbox\hash\blizzard.h">
      <Filter>src\tbox\hash</Filter>
    </ClInclude>
    <ClInclude Include="$(XmakeProjectDir)\src\tbox\hash\crc16.h">
      <Filter>src\tbox\hash</Filter>
    </ClInclude>
    <ClInclude Include="$(XmakeProjectDir)\src\tbox\hash\crc32.h">
      <Filter>src\tbox\hash</Filter>
    </ClInclude>
    <ClInclude Include="$(XmakeProjectDir)\src\tbox\hash\crc8.h">
      <Filter>src\tbox\hash</Filter>
    </ClInclude>
    <ClInclude Include="$(XmakeProjectDir)\src\tbox\hash\djb2.h">
      <Filter>src\tbox\hash</Filter>
    </ClInclude>
    <ClInclude Include="$(XmakeProjectDir)\src\tbox\hash\fnv32.h">
      <Filter>src\tbox\hash</Filter>
    </ClInclude>
    <ClInclude Include="$(XmakeProjectDir)\src\tbox\hash\fnv64.h">
      <Filter>src\tbox\hash</Filter>
    </ClInclude>
    <ClInclude Include="$(XmakeProjectDir)\src\tbox\hash\hash.h">
      <Filter>src\tbox\hash</Filter>
    </ClInclude>
    <ClInclude Include="$(XmakeProjectDir)\src\tbox\hash\md5.h">
      <Filter>src\tbox\hash</Filter>
    </ClInclude>
    <ClInclude Include="$(XmakeProjectDir)\src\tbox\hash\murmur.h">
      <Filter>src\tbox\hash</Filter>
    </ClInclude>
    <ClInclude Include="$(XmakeProjectDir)\src\tbox\hash\prefix.h">
      <Filter>src\tbox\hash</Filter>
    </ClInclude>
    <ClInclude Include="$(XmakeProjectDir)\src\tbox\hash\rs.h">
      <Filter>src\tbox\hash</Filter>
    </ClInclude>
    <ClInclude Include="$(XmakeProjectDir)\src\tbox\hash\sdbm.h">
      <Filter>src\tbox\hash</Filter>
    </ClInclude>
    <ClInclude Include="$(XmakeProjectDir)\src\tbox\hash\sha.h">
      <Filter>src\tbox\hash</Filter>
    </ClInclude>
    <ClInclude Include="$(XmakeProjectDir)\src\tbox\hash\uuid.h">
      <Filter>src\tbox\hash</Filter>
    </ClInclude>
    <ClInclude Include="$(XmakeProjectDir)\src\tbox\libc\libc.h">
      <Filter>src\tbox\libc</Filter>
    </ClInclude>
    <ClInclude Include="$(XmakeProjectDir)\src\tbox\libc\misc\ctype.h">
      <Filter>src\tbox\libc\misc</Filter>
    </ClInclude>
    <ClInclude Include="$(XmakeProjectDir)\src\tbox\libc\misc\limits.h">
      <Filter>src\tbox\libc\misc</Filter>
    </ClInclude>
    <ClInclude Include="$(XmakeProjectDir)\src\tbox\libc\misc\misc.h">
      <Filter>src\tbox\libc\misc</Filter>
    </ClInclude>
    <ClInclude Include="$(XmakeProjectDir)\src\tbox\libc\misc\prefix.h">
      <Filter>src\tbox\libc\misc</Filter>
    </ClInclude>
    <ClInclude Include="$(XmakeProjectDir)\src\tbox\libc\misc\stdarg.h">
      <Filter>src\tbox\libc\misc</Filter>
    </ClInclude>
    <ClInclude Include="$(XmakeProjectDir)\src\tbox\libc\misc\time\prefix.h">
      <Filter>src\tbox\libc\misc\time</Filter>
    </ClInclude>
    <ClInclude Include="$(XmakeProjectDir)\src\tbox\libc\misc\time\time.h">
      <Filter>src\tbox\libc\misc\time</Filter>
    </ClInclude>
    <ClInclude Include="$(XmakeProjectDir)\src\tbox\libc\misc\time\type.h">
      <Filter>src\tbox\libc\misc\time</Filter>
    </ClInclude>
    <ClInclude Include="$(XmakeProjectDir)\src\tbox\libc\prefix.h">
      <Filter>src\tbox\libc</Filter>
    </ClInclude>
    <ClInclude Include="$(XmakeProjectDir)\src\tbox\libc\stdio\prefix.h">
      <Filter>src\tbox\libc\stdio</Filter>
    </ClInclude>
    <ClInclude Include="$(XmakeProjectDir)\src\tbox\libc\stdio\printf_object.h">
      <Filter>src\tbox\libc\stdio</Filter>
    </ClInclude>
    <ClInclude Include="$(XmakeProjectDir)\src\tbox\libc\stdio\stdio.h">
      <Filter>src\tbox\libc\stdio</Filter>
    </ClInclude>
    <ClInclude Include="$(XmakeProjectDir)\src\tbox\libc\stdlib\prefix.h">
      <Filter>src\tbox\libc\stdlib</Filter>
    </ClInclude>
    <ClInclude Include="$(XmakeProjectDir)\src\tbox\libc\stdlib\setlocale.h">
      <Filter>src\tbox\libc\stdlib</Filter>
    </ClInclude>
    <ClInclude Include="$(XmakeProjectDir)\src\tbox\libc\stdlib\stdlib.h">
      <Filter>src\tbox\libc\stdlib</Filter>
    </ClInclude>
    <ClInclude Include="$(XmakeProjectDir)\src\tbox\libc\string\prefix.h">
      <Filter>src\tbox\libc\string</Filter>
    </ClInclude>
    <ClInclude Include="$(XmakeProjectDir)\src\tbox\libc\string\string.h">
      <Filter>src\tbox\libc\string</Filter>
    </ClInclude>
    <ClInclude Include="$(XmakeProjectDir)\src\tbox\libm\ceil.h">
      <Filter>src\tbox\libm</Filter>
    </ClInclude>
    <ClInclude Include="$(XmakeProjectDir)\src\tbox\libm\fabs.h">
      <Filter>src\tbox\libm</Filter>
    </ClInclude>
    <ClInclude Include="$(XmakeProjectDir)\src\tbox\libm\floor.h">
      <Filter>src\tbox\libm</Filter>
    </ClInclude>
    <ClInclude Include="$(XmakeProjectDir)\src\tbox\libm\inf.h">
      <Filter>src\tbox\libm</Filter>
    </ClInclude>
    <ClInclude Include="$(XmakeProjectDir)\src\tbox\libm\libm.h">
      <Filter>src\tbox\libm</Filter>
    </ClInclude>
    <ClInclude Include="$(XmakeProjectDir)\src\tbox\libm\maf.h">
      <Filter>src\tbox\libm</Filter>
    </ClInclude>
    <ClInclude Include="$(XmakeProjectDir)\src\tbox\libm\math.h">
      <Filter>src\tbox\libm</Filter>
    </ClInclude>
    <ClInclude Include="$(XmakeProjectDir)\src\tbox\libm\mif.h">
      <Filter>src\tbox\libm</Filter>
    </ClInclude>
    <ClInclude Include="$(XmakeProjectDir)\src\tbox\libm\nan.h">
      <Filter>src\tbox\libm</Filter>
    </ClInclude>
    <ClInclude Include="$(XmakeProjectDir)\src\tbox\libm\pi.h">
      <Filter>src\tbox\libm</Filter>
    </ClInclude>
    <ClInclude Include="$(XmakeProjectDir)\src\tbox\libm\prefix.h">
      <Filter>src\tbox\libm</Filter>
    </ClInclude>
    <ClInclude Include="$(XmakeProjectDir)\src\tbox\libm\round.h">
      <Filter>src\tbox\libm</Filter>
    </ClInclude>
    <ClInclude Include="$(XmakeProjectDir)\src\tbox\math\fixed.h">
      <Filter>src\tbox\math</Filter>
    </ClInclude>
    <ClInclude Include="$(XmakeProjectDir)\src\tbox\math\fixed16.h">
      <Filter>src\tbox\math</Filter>
    </ClInclude>
    <ClInclude Include="$(XmakeProjectDir)\src\tbox\math\fixed30.h">
      <Filter>src\tbox\math</Filter>
    </ClInclude>
    <ClInclude Include="$(XmakeProjectDir)\src\tbox\math\fixed6.h">
      <Filter>src\tbox\math</Filter>
    </ClInclude>
    <ClInclude Include="$(XmakeProjectDir)\src\tbox\math\int32.h">
      <Filter>src\tbox\math</Filter>
    </ClInclude>
    <ClInclude Include="$(XmakeProjectDir)\src\tbox\math\math.h">
      <Filter>src\tbox\math</Filter>
    </ClInclude>
    <ClInclude Include="$(XmakeProjectDir)\src\tbox\math\prefix.h">
      <Filter>src\tbox\math</Filter>
    </ClInclude>
    <ClInclude Include="$(XmakeProjectDir)\src\tbox\math\random\linear.h">
      <Filter>src\tbox\math\random</Filter>
    </ClInclude>
    <ClInclude Include="$(XmakeProjectDir)\src\tbox\math\random\prefix.h">
      <Filter>src\tbox\math\random</Filter>
    </ClInclude>
    <ClInclude Include="$(XmakeProjectDir)\src\tbox\math\random\random.h">
      <Filter>src\tbox\math\random</Filter>
    </ClInclude>
    <ClInclude Include="$(XmakeProjectDir)\src\tbox\memory\allocator.h">
      <Filter>src\tbox\memory</Filter>
    </ClInclude>
    <ClInclude Include="$(XmakeProjectDir)\src\tbox\memory\buffer.h">
      <Filter>src\tbox\memory</Filter>
    </ClInclude>
    <ClInclude Include="$(XmakeProjectDir)\src\tbox\memory\default_allocator.h">
      <Filter>src\tbox\memory</Filter>
    </ClInclude>
    <ClInclude Include="$(XmakeProjectDir)\src\tbox\memory\fixed_pool.h">
      <Filter>src\tbox\memory</Filter>
    </ClInclude>
    <ClInclude Include="$(XmakeProjectDir)\src\tbox\memory\large_allocator.h">
      <Filter>src\tbox\memory</Filter>
    </ClInclude>
    <ClInclude Include="$(XmakeProjectDir)\src\tbox\memory\memory.h">
      <Filter>src\tbox\memory</Filter>
    </ClInclude>
    <ClInclude Include="$(XmakeProjectDir)\src\tbox\memory\native_allocator.h">
      <Filter>src\tbox\memory</Filter>
    </ClInclude>
    <ClInclude Include="$(XmakeProjectDir)\src\tbox\memory\prefix.h">
      <Filter>src\tbox\memory</Filter>
    </ClInclude>
    <ClInclude Include="$(XmakeProjectDir)\src\tbox\memory\queue_buffer.h">
      <Filter>src\tbox\memory</Filter>
    </ClInclude>
    <ClInclude Include="$(XmakeProjectDir)\src\tbox\memory\small_allocator.h">
      <Filter>src\tbox\memory</Filter>
    </ClInclude>
    <ClInclude Include="$(XmakeProjectDir)\src\tbox\memory\static_allocator.h">
      <Filter>src\tbox\memory</Filter>
    </ClInclude>
    <ClInclude Include="$(XmakeProjectDir)\src\tbox\memory\static_buffer.h">
      <Filter>src\tbox\memory</Filter>
    </ClInclude>
    <ClInclude Include="$(XmakeProjectDir)\src\tbox\memory\string_pool.h">
      <Filter>src\tbox\memory</Filter>
    </ClInclude>
    <ClInclude Include="$(XmakeProjectDir)\src\tbox\memory\virtual_allocator.h">
      <Filter>src\tbox\memory</Filter>
    </ClInclude>
    <ClInclude Include="$(XmakeProjectDir)\src\tbox\network\cookies.h">
      <Filter>src\tbox\network</Filter>
    </ClInclude>
    <ClInclude Include="$(XmakeProjectDir)\src\tbox\network\dns\cache.h">
      <Filter>src\tbox\network\dns</Filter>
    </ClInclude>
    <ClInclude Include="$(XmakeProjectDir)\src\tbox\network\dns\dns.h">
      <Filter>src\tbox\network\dns</Filter>
    </ClInclude>
    <ClInclude Include="$(XmakeProjectDir)\src\tbox\network\dns\looker.h">
      <Filter>src\tbox\network\dns</Filter>
    </ClInclude>
    <ClInclude Include="$(XmakeProjectDir)\src\tbox\network\dns\prefix.h">
      <Filter>src\tbox\network\dns</Filter>
    </ClInclude>
    <ClInclude Include="$(XmakeProjectDir)\src\tbox\network\dns\server.h">
      <Filter>src\tbox\network\dns</Filter>
    </ClInclude>
    <ClInclude Include="$(XmakeProjectDir)\src\tbox\network\http.h">
      <Filter>src\tbox\network</Filter>
    </ClInclude>
    <ClInclude Include="$(XmakeProjectDir)\src\tbox\network\hwaddr.h">
      <Filter>src\tbox\network</Filter>
    </ClInclude>
    <ClInclude Include="$(XmakeProjectDir)\src\tbox\network\ipaddr.h">
      <Filter>src\tbox\network</Filter>
    </ClInclude>
    <ClInclude Include="$(XmakeProjectDir)\src\tbox\network\ipv4.h">
      <Filter>src\tbox\network</Filter>
    </ClInclude>
    <ClInclude Include="$(XmakeProjectDir)\src\tbox\network\ipv6.h">
      <Filter>src\tbox\network</Filter>
    </ClInclude>
    <ClInclude Include="$(XmakeProjectDir)\src\tbox\network\network.h">
      <Filter>src\tbox\network</Filter>
    </ClInclude>
    <ClInclude Include="$(XmakeProjectDir)\src\tbox\network\prefix.h">
      <Filter>src\tbox\network</Filter>
    </ClInclude>
    <ClInclude Include="$(XmakeProjectDir)\src\tbox\network\ssl.h">
      <Filter>src\tbox\network</Filter>
    </ClInclude>
    <ClInclude Include="$(XmakeProjectDir)\src\tbox\network\unixaddr.h">
      <Filter>src\tbox\network</Filter>
    </ClInclude>
    <ClInclude Include="$(XmakeProjectDir)\src\tbox\network\url.h">
      <Filter>src\tbox\network</Filter>
    </ClInclude>
    <ClInclude Include="$(XmakeProjectDir)\src\tbox\object\array.h">
      <Filter>src\tbox\object</Filter>
    </ClInclude>
    <ClInclude Include="$(XmakeProjectDir)\src\tbox\object\boolean.h">
      <Filter>src\tbox\object</Filter>
    </ClInclude>
    <ClInclude Include="$(XmakeProjectDir)\src\tbox\object\data.h">
      <Filter>src\tbox\object</Filter>
    </ClInclude>
    <ClInclude Include="$(XmakeProjectDir)\src\tbox\object\date.h">
      <Filter>src\tbox\object</Filter>
    </ClInclude>
    <ClInclude Include="$(XmakeProjectDir)\src\tbox\object\dictionary.h">
      <Filter>src\tbox\object</Filter>
    </ClInclude>
    <ClInclude Include="$(XmakeProjectDir)\src\tbox\object\null.h">
      <Filter>src\tbox\object</Filter>
    </ClInclude>
    <ClInclude Include="$(XmakeProjectDir)\src\tbox\object\number.h">
      <Filter>src\tbox\object</Filter>
    </ClInclude>
    <ClInclude Include="$(XmakeProjectDir)\src\tbox\object\object.h">
      <Filter>src\tbox\object</Filter>
    </ClInclude>
    <ClInclude Include="$(XmakeProjectDir)\src\tbox\object\prefix.h">
      <Filter>src\tbox\object</Filter>
    </ClInclude>
    <ClInclude Include="$(XmakeProjectDir)\src\tbox\object\string.h">
      <Filter>src\tbox\object</Filter>
    </ClInclude>
    <ClInclude Include="$(XmakeProjectDir)\src\tbox\platform\addrinfo.h">
      <Filter>src\tbox\platform</Filter>
    </ClInclude>
    <ClInclude Include="$(XmakeProjectDir)\src\tbox\platform\android\android.h">
      <Filter>src\tbox\platform\android</Filter>
    </ClInclude>
    <ClInclude Include="$(XmakeProjectDir)\src\tbox\platform\android\prefix.h">
      <Filter>src\tbox\platform\android</Filter>
    </ClInclude>
    <ClInclude Include="$(XmakeProjectDir)\src\tbox\platform\arch\arm\frame.h">
      <Filter>src\tbox\platform\arch\arm</Filter>
    </ClInclude>
    <ClInclude Include="$(XmakeProjectDir)\src\tbox\platform\arch\arm\prefix.h">
      <Filter>src\tbox\platform\arch\arm</Filter>
    </ClInclude>
    <ClInclude Include="$(XmakeProjectDir)\src\tbox\platform\arch\arm64\prefix.h">
      <Filter>src\tbox\platform\arch\arm64</Filter>
    </ClInclude>
    <ClInclude Include="$(XmakeProjectDir)\src\tbox\platform\arch\atomic.h">
      <Filter>src\tbox\platform\arch</Filter>
    </ClInclude>
    <ClInclude Include="$(XmakeProjectDir)\src\tbox\platform\arch\atomic32.h">
      <Filter>src\tbox\platform\arch</Filter>
    </ClInclude>
    <ClInclude Include="$(XmakeProjectDir)\src\tbox\platform\arch\atomic64.h">
      <Filter>src\tbox\platform\arch</Filter>
    </ClInclude>
    <ClInclude Include="$(XmakeProjectDir)\src\tbox\platform\arch\frame.h">
      <Filter>src\tbox\platform\arch</Filter>
    </ClInclude>
    <ClInclude Include="$(XmakeProjectDir)\src\tbox\platform\arch\mips\prefix.h">
      <Filter>src\tbox\platform\arch\mips</Filter>
    </ClInclude>
    <ClInclude Include="$(XmakeProjectDir)\src\tbox\platform\arch\prefix.h">
      <Filter>src\tbox\platform\arch</Filter>
    </ClInclude>
    <ClInclude Include="$(XmakeProjectDir)\src\tbox\platform\arch\x64\atomic64.h">
      <Filter>src\tbox\platform\arch\x64</Filter>
    </ClInclude>
    <ClInclude Include="$(XmakeProjectDir)\src\tbox\platform\arch\x64\frame.h">
      <Filter>src\tbox\platform\arch\x64</Filter>
    </ClInclude>
    <ClInclude Include="$(XmakeProjectDir)\src\tbox\platform\arch\x64\prefix.h">
      <Filter>src\tbox\platform\arch\x64</Filter>
    </ClInclude>
    <ClInclude Include="$(XmakeProjectDir)\src\tbox\platform\arch\x86\atomic32.h">
      <Filter>src\tbox\platform\arch\x86</Filter>
    </ClInclude>
    <ClInclude Include="$(XmakeProjectDir)\src\tbox\platform\arch\x86\frame.h">
      <Filter>src\tbox\platform\arch\x86</Filter>
    </ClInclude>
    <ClInclude Include="$(XmakeProjectDir)\src\tbox\platform\arch\x86\prefix.h">
      <Filter>src\tbox\platform\arch\x86</Filter>
    </ClInclude>
    <ClInclude Include="$(XmakeProjectDir)\src\tbox\platform\atomic.h">
      <Filter>src\tbox\platform</Filter>
    </ClInclude>
    <ClInclude Include="$(XmakeProjectDir)\src\tbox\platform\atomic32.h">
      <Filter>src\tbox\platform</Filter>
    </ClInclude>
    <ClInclude Include="$(XmakeProjectDir)\src\tbox\platform\atomic64.h">
      <Filter>src\tbox\platform</Filter>
    </ClInclude>
    <ClInclude Include="$(XmakeProjectDir)\src\tbox\platform\backtrace.h">
      <Filter>src\tbox\platform</Filter>
    </ClInclude>
    <ClInclude Include="$(XmakeProjectDir)\src\tbox\platform\bsd\prefix.h">
      <Filter>src\tbox\platform\bsd</Filter>
    </ClInclude>
    <ClInclude Include="$(XmakeProjectDir)\src\tbox\platform\cache_time.h">
      <Filter>src\tbox\platform</Filter>
    </ClInclude>
    <ClInclude Include="$(XmakeProjectDir)\src\tbox\platform\compiler\gcc\atomic.h">
      <Filter>src\tbox\platform\compiler\gcc</Filter>
    </ClInclude>
    <ClInclude Include="$(XmakeProjectDir)\src\tbox\platform\compiler\gcc\atomic32.h">
      <Filter>src\tbox\platform\compiler\gcc</Filter>
    </ClInclude>
    <ClInclude Include="$(XmakeProjectDir)\src\tbox\platform\compiler\gcc\atomic64.h">
      <Filter>src\tbox\platform\compiler\gcc</Filter>
    </ClInclude>
    <ClInclude Include="$(XmakeProjectDir)\src\tbox\platform\compiler\gcc\prefix.h">
      <Filter>src\tbox\platform\compiler\gcc</Filter>
    </ClInclude>
    <ClInclude Include="$(XmakeProjectDir)\src\tbox\platform\compiler\prefix.h">
      <Filter>src\tbox\platform\compiler</Filter>
    </ClInclude>
    <ClInclude Include="$(XmakeProjectDir)\src\tbox\platform\context.h">
      <Filter>src\tbox\platform</Filter>
    </ClInclude>
    <ClInclude Include="$(XmakeProjectDir)\src\tbox\platform\cpu.h">
      <Filter>src\tbox\platform</Filter>
    </ClInclude>
    <ClInclude Include="$(XmakeProjectDir)\src\tbox\platform\deprecated\atomic.h">
      <Filter>src\tbox\platform\deprecated</Filter>
    </ClInclude>
    <ClInclude Include="$(XmakeProjectDir)\src\tbox\platform\deprecated\atomic64.h">
      <Filter>src\tbox\platform\deprecated</Filter>
    </ClInclude>
    <ClInclude Include="$(XmakeProjectDir)\src\tbox\platform\deprecated\deprecated.h">
      <Filter>src\tbox\platform\deprecated</Filter>
    </ClInclude>
    <ClInclude Include="$(XmakeProjectDir)\src\tbox\platform\deprecated\prefix.h">
      <Filter>src\tbox\platform\deprecated</Filter>
    </ClInclude>
    <ClInclude Include="$(XmakeProjectDir)\src\tbox\platform\directory.h">
      <Filter>src\tbox\platform</Filter>
    </ClInclude>
    <ClInclude Include="$(XmakeProjectDir)\src\tbox\platform\dynamic.h">
      <Filter>src\tbox\platform</Filter>
    </ClInclude>
    <ClInclude Include="$(XmakeProjectDir)\src\tbox\platform\environment.h">
      <Filter>src\tbox\platform</Filter>
    </ClInclude>
    <ClInclude Include="$(XmakeProjectDir)\src\tbox\platform\event.h">
      <Filter>src\tbox\platform</Filter>
    </ClInclude>
    <ClInclude Include="$(XmakeProjectDir)\src\tbox\platform\exception.h">
      <Filter>src\tbox\platform</Filter>
    </ClInclude>
    <ClInclude Include="$(XmakeProjectDir)\src\tbox\platform\file.h">
      <Filter>src\tbox\platform</Filter>
    </ClInclude>
    <ClInclude Include="$(XmakeProjectDir)\src\tbox\platform\filelock.h">
      <Filter>src\tbox\platform</Filter>
    </ClInclude>
    <ClInclude Include="$(XmakeProjectDir)\src\tbox\platform\hostname.h">
      <Filter>src\tbox\platform</Filter>
    </ClInclude>
    <ClInclude Include="$(XmakeProjectDir)\src\tbox\platform\ifaddrs.h">
      <Filter>src\tbox\platform</Filter>
    </ClInclude>
    <ClInclude Include="$(XmakeProjectDir)\src\tbox\platform\libc\atomic.h">
      <Filter>src\tbox\platform\libc</Filter>
    </ClInclude>
    <ClInclude Include="$(XmakeProjectDir)\src\tbox\platform\libc\atomic32.h">
      <Filter>src\tbox\platform\libc</Filter>
    </ClInclude>
    <ClInclude Include="$(XmakeProjectDir)\src\tbox\platform\libc\atomic64.h">
      <Filter>src\tbox\platform\libc</Filter>
    </ClInclude>
    <ClInclude Include="$(XmakeProjectDir)\src\tbox\platform\libc\exception.h">
      <Filter>src\tbox\platform\libc</Filter>
    </ClInclude>
    <ClInclude Include="$(XmakeProjectDir)\src\tbox\platform\libc\prefix.h">
      <Filter>src\tbox\platform\libc</Filter>
    </ClInclude>
    <ClInclude Include="$(XmakeProjectDir)\src\tbox\platform\linux\prefix.h">
      <Filter>src\tbox\platform\linux</Filter>
    </ClInclude>
    <ClInclude Include="$(XmakeProjectDir)\src\tbox\platform\ltimer.h">
      <Filter>src\tbox\platform</Filter>
    </ClInclude>
    <ClInclude Include="$(XmakeProjectDir)\src\tbox\platform\mach\ios\prefix.h">
      <Filter>src\tbox\platform\mach\ios</Filter>
    </ClInclude>
    <ClInclude Include="$(XmakeProjectDir)\src\tbox\platform\mach\prefix.h">
      <Filter>src\tbox\platform\mach</Filter>
    </ClInclude>
    <ClInclude Include="$(XmakeProjectDir)\src\tbox\platform\mutex.h">
      <Filter>src\tbox\platform</Filter>
    </ClInclude>
    <ClInclude Include="$(XmakeProjectDir)\src\tbox\platform\native_memory.h">
      <Filter>src\tbox\platform</Filter>
    </ClInclude>
    <ClInclude Include="$(XmakeProjectDir)\src\tbox\platform\page.h">
      <Filter>src\tbox\platform</Filter>
    </ClInclude>
    <ClInclude Include="$(XmakeProjectDir)\src\tbox\platform\path.h">
      <Filter>src\tbox\platform</Filter>
    </ClInclude>
    <ClInclude Include="$(XmakeProjectDir)\src\tbox\platform\pipe.h">
      <Filter>src\tbox\platform</Filter>
    </ClInclude>
    <ClInclude Include="$(XmakeProjectDir)\src\tbox\platform\platform.h">
      <Filter>src\tbox\platform</Filter>
    </ClInclude>
    <ClInclude Include="$(XmakeProjectDir)\src\tbox\platform\poller.h">
      <Filter>src\tbox\platform</Filter>
    </ClInclude>
    <ClInclude Include="$(XmakeProjectDir)\src\tbox\platform\posix\prefix.h">
      <Filter>src\tbox\platform\posix</Filter>
    </ClInclude>
    <ClInclude Include="$(XmakeProjectDir)\src\tbox\platform\posix\sockaddr.h">
      <Filter>src\tbox\platform\posix</Filter>
    </ClInclude>
    <ClInclude Include="$(XmakeProjectDir)\src\tbox\platform\prefix.h">
      <Filter>src\tbox\platform</Filter>
    </ClInclude>
    <ClInclude Include="$(XmakeProjectDir)\src\tbox\platform\print.h">
      <Filter>src\tbox\platform</Filter>
    </ClInclude>
    <ClInclude Include="$(XmakeProjectDir)\src\tbox\platform\process.h">
      <Filter>src\tbox\platform</Filter>
    </ClInclude>
    <ClInclude Include="$(XmakeProjectDir)\src\tbox\platform\sched.h">
      <Filter>src\tbox\platform</Filter>
    </ClInclude>
    <ClInclude Include="$(XmakeProjectDir)\src\tbox\platform\semaphore.h">
      <Filter>src\tbox\platform</Filter>
    </ClInclude>
    <ClInclude Include="$(XmakeProjectDir)\src\tbox\platform\socket.h">
      <Filter>src\tbox\platform</Filter>
    </ClInclude>
    <ClInclude Include="$(XmakeProjectDir)\src\tbox\platform\spinlock.h">
      <Filter>src\tbox\platform</Filter>
    </ClInclude>
    <ClInclude Include="$(XmakeProjectDir)\src\tbox\platform\stdfile.h">
      <Filter>src\tbox\platform</Filter>
    </ClInclude>
    <ClInclude Include="$(XmakeProjectDir)\src\tbox\platform\syserror.h">
      <Filter>src\tbox\platform</Filter>
    </ClInclude>
    <ClInclude Include="$(XmakeProjectDir)\src\tbox\platform\systemv\prefix.h">
      <Filter>src\tbox\platform\systemv</Filter>
    </ClInclude>
    <ClInclude Include="$(XmakeProjectDir)\src\tbox\platform\thread.h">
      <Filter>src\tbox\platform</Filter>
    </ClInclude>
    <ClInclude Include="$(XmakeProjectDir)\src\tbox\platform\thread_local.h">
      <Filter>src\tbox\platform</Filter>
    </ClInclude>
    <ClInclude Include="$(XmakeProjectDir)\src\tbox\platform\thread_pool.h">
      <Filter>src\tbox\platform</Filter>
    </ClInclude>
    <ClInclude Include="$(XmakeProjectDir)\src\tbox\platform\time.h">
      <Filter>src\tbox\platform</Filter>
    </ClInclude>
    <ClInclude Include="$(XmakeProjectDir)\src\tbox\platform\timer.h">
      <Filter>src\tbox\platform</Filter>
    </ClInclude>
    <ClInclude Include="$(XmakeProjectDir)\src\tbox\platform\unix\prefix.h">
      <Filter>src\tbox\platform\unix</Filter>
    </ClInclude>
    <ClInclude Include="$(XmakeProjectDir)\src\tbox\platform\unix\syscall.h">
      <Filter>src\tbox\platform\unix</Filter>
    </ClInclude>
    <ClInclude Include="$(XmakeProjectDir)\src\tbox\platform\virtual_memory.h">
      <Filter>src\tbox\platform</Filter>
    </ClInclude>
    <ClInclude Include="$(XmakeProjectDir)\src\tbox\platform\windows\atomic.h">
      <Filter>src\tbox\platform\windows</Filter>
    </ClInclude>
    <ClInclude Include="$(XmakeProjectDir)\src\tbox\platform\windows\atomic32.h">
      <Filter>src\tbox\platform\windows</Filter>
    </ClInclude>
    <ClInclude Include="$(XmakeProjectDir)\src\tbox\platform\windows\atomic64.h">
      <Filter>src\tbox\platform\windows</Filter>
    </ClInclude>
    <ClInclude Include="$(XmakeProjectDir)\src\tbox\platform\windows\exception.h">
      <Filter>src\tbox\platform\windows</Filter>
    </ClInclude>
    <ClInclude Include="$(XmakeProjectDir)\src\tbox\platform\windows\interface\dbghelp.h">
      <Filter>src\tbox\platform\windows\interface</Filter>
    </ClInclude>
    <ClInclude Include="$(XmakeProjectDir)\src\tbox\platform\windows\interface\interface.h">
      <Filter>src\tbox\platform\windows\interface</Filter>
    </ClInclude>
    <ClInclude Include="$(XmakeProjectDir)\src\tbox\platform\windows\interface\iphlpapi.h">
      <Filter>src\tbox\platform\windows\interface</Filter>
    </ClInclude>
    <ClInclude Include="$(XmakeProjectDir)\src\tbox\platform\windows\interface\kernel32.h">
      <Filter>src\tbox\platform\windows\interface</Filter>
    </ClInclude>
    <ClInclude Include="$(XmakeProjectDir)\src\tbox\platform\windows\interface\mswsock.h">
      <Filter>src\tbox\platform\windows\interface</Filter>
    </ClInclude>
    <ClInclude Include="$(XmakeProjectDir)\src\tbox\platform\windows\interface\ole32.h">
      <Filter>src\tbox\platform\windows\interface</Filter>
    </ClInclude>
    <ClInclude Include="$(XmakeProjectDir)\src\tbox\platform\windows\interface\prefix.h">
      <Filter>src\tbox\platform\windows\interface</Filter>
    </ClInclude>
    <ClInclude Include="$(XmakeProjectDir)\src\tbox\platform\windows\interface\shell32.h">
      <Filter>src\tbox\platform\windows\interface</Filter>
    </ClInclude>
    <ClInclude Include="$(XmakeProjectDir)\src\tbox\platform\windows\interface\user32.h">
      <Filter>src\tbox\platform\windows\interface</Filter>
    </ClInclude>
    <ClInclude Include="$(XmakeProjectDir)\src\tbox\platform\windows\interface\ws2_32.h">
      <Filter>src\tbox\platform\windows\interface</Filter>
    </ClInclude>
    <ClInclude Include="$(XmakeProjectDir)\src\tbox\platform\windows\iocp_object.h">
      <Filter>src\tbox\platform\windows</Filter>
    </ClInclude>
    <ClInclude Include="$(XmakeProjectDir)\src\tbox\platform\windows\ntstatus.h">
      <Filter>src\tbox\platform\windows</Filter>
    </ClInclude>
    <ClInclude Include="$(XmakeProjectDir)\src\tbox\platform\windows\prefix.h">
      <Filter>src\tbox\platform\windows</Filter>
    </ClInclude>
    <ClInclude Include="$(XmakeProjectDir)\src\tbox\platform\windows\socket_pool.h">
      <Filter>src\tbox\platform\windows</Filter>
    </ClInclude>
    <ClInclude Include="$(XmakeProjectDir)\src\tbox\platform\windows\windows.h">
      <Filter>src\tbox\platform\windows</Filter>
    </ClInclude>
    <ClInclude Include="$(XmakeProjectDir)\src\tbox\prefix\abort.h">
      <Filter>src\tbox\prefix</Filter>
    </ClInclude>
    <ClInclude Include="$(XmakeProjectDir)\src\tbox\prefix\arch.h">
      <Filter>src\tbox\prefix</Filter>
    </ClInclude>
    <ClInclude Include="$(XmakeProjectDir)\src\tbox\prefix\assembler.h">
      <Filter>src\tbox\prefix</Filter>
    </ClInclude>
    <ClInclude Include="$(XmakeProjectDir)\src\tbox\prefix\assert.h">
      <Filter>src\tbox\prefix</Filter>
    </ClInclude>
    <ClInclude Include="$(XmakeProjectDir)\src\tbox\prefix\cache.h">
      <Filter>src\tbox\prefix</Filter>
    </ClInclude>
    <ClInclude Include="$(XmakeProjectDir)\src\tbox\prefix\check.h">
      <Filter>src\tbox\prefix</Filter>
    </ClInclude>
    <ClInclude Include="$(XmakeProjectDir)\src\tbox\prefix\compiler.h">
      <Filter>src\tbox\prefix</Filter>
    </ClInclude>
    <ClInclude Include="$(XmakeProjectDir)\src\tbox\prefix\config.h">
      <Filter>src\tbox\prefix</Filter>
    </ClInclude>
    <ClInclude Include="$(XmakeProjectDir)\src\tbox\prefix\cpu.h">
      <Filter>src\tbox\prefix</Filter>
    </ClInclude>
    <ClInclude Include="$(XmakeProjectDir)\src\tbox\prefix\endian.h">
      <Filter>src\tbox\prefix</Filter>
    </ClInclude>
    <ClInclude Include="$(XmakeProjectDir)\src\tbox\prefix\keyword.h">
      <Filter>src\tbox\prefix</Filter>
    </ClInclude>
    <ClInclude Include="$(XmakeProjectDir)\src\tbox\prefix\limits.h">
      <Filter>src\tbox\prefix</Filter>
    </ClInclude>
    <ClInclude Include="$(XmakeProjectDir)\src\tbox\prefix\malloc.h">
      <Filter>src\tbox\prefix</Filter>
    </ClInclude>
    <ClInclude Include="$(XmakeProjectDir)\src\tbox\prefix\packed.h">
      <Filter>src\tbox\prefix</Filter>
    </ClInclude>
    <ClInclude Include="$(XmakeProjectDir)\src\tbox\prefix\prefix.h">
      <Filter>src\tbox\prefix</Filter>
    </ClInclude>
    <ClInclude Include="$(XmakeProjectDir)\src\tbox\prefix\state.h">
      <Filter>src\tbox\prefix</Filter>
    </ClInclude>
    <ClInclude Include="$(XmakeProjectDir)\src\tbox\prefix\trace.h">
      <Filter>src\tbox\prefix</Filter>
    </ClInclude>
    <ClInclude Include="$(XmakeProjectDir)\src\tbox\prefix\type.h">
      <Filter>src\tbox\prefix</Filter>
    </ClInclude>
    <ClInclude Include="$(XmakeProjectDir)\src\tbox\prefix\utils.h">
      <Filter>src\tbox\prefix</Filter>
    </ClInclude>
    <ClInclude Include="$(XmakeProjectDir)\src\tbox\prefix\version.h">
      <Filter>src\tbox\prefix</Filter>
    </ClInclude>
    <ClInclude Include="$(XmakeProjectDir)\src\tbox\prefix.h">
      <Filter>src\tbox</Filter>
    </ClInclude>
    <ClInclude Include="$(XmakeProjectDir)\src\tbox\regex\prefix.h">
      <Filter>src\tbox\regex</Filter>
    </ClInclude>
    <ClInclude Include="$(XmakeProjectDir)\src\tbox\regex\regex.h">
      <Filter>src\tbox\regex</Filter>
    </ClInclude>
    <ClInclude Include="$(XmakeProjectDir)\src\tbox\stream\filter.h">
      <Filter>src\tbox\stream</Filter>
    </ClInclude>
    <ClInclude Include="$(XmakeProjectDir)\src\tbox\stream\prefix.h">
      <Filter>src\tbox\stream</Filter>
    </ClInclude>
    <ClInclude Include="$(XmakeProjectDir)\src\tbox\stream\static_stream.h">
      <Filter>src\tbox\stream</Filter>
    </ClInclude>
    <ClInclude Include="$(XmakeProjectDir)\src\tbox\stream\stream.h">
      <Filter>src\tbox\stream</Filter>
    </ClInclude>
    <ClInclude Include="$(XmakeProjectDir)\src\tbox\stream\transfer.h">
      <Filter>src\tbox\stream</Filter>
    </ClInclude>
    <ClInclude Include="$(XmakeProjectDir)\src\tbox\string\prefix.h">
      <Filter>src\tbox\string</Filter>
    </ClInclude>
    <ClInclude Include="$(XmakeProjectDir)\src\tbox\string\static_string.h">
      <Filter>src\tbox\string</Filter>
    </ClInclude>
    <ClInclude Include="$(XmakeProjectDir)\src\tbox\string\string.h">
      <Filter>src\tbox\string</Filter>
    </ClInclude>
    <ClInclude Include="$(XmakeProjectDir)\src\tbox\tbox.h">
      <Filter>src\tbox</Filter>
    </ClInclude>
    <ClInclude Include="$(XmakeProjectDir)\src\tbox\utils\base32.h">
      <Filter>src\tbox\utils</Filter>
    </ClInclude>
    <ClInclude Include="$(XmakeProjectDir)\src\tbox\utils\base64.h">
      <Filter>src\tbox\utils</Filter>
    </ClInclude>
    <ClInclude Include="$(XmakeProjectDir)\src\tbox\utils\bits.h">
      <Filter>src\tbox\utils</Filter>
    </ClInclude>
    <ClInclude Include="$(XmakeProjectDir)\src\tbox\utils\dump.h">
      <Filter>src\tbox\utils</Filter>
    </ClInclude>
    <ClInclude Include="$(XmakeProjectDir)\src\tbox\utils\lock_profiler.h">
      <Filter>src\tbox\utils</Filter>
    </ClInclude>
    <ClInclude Include="$(XmakeProjectDir)\src\tbox\utils\option.h">
      <Filter>src\tbox\utils</Filter>
    </ClInclude>
    <ClInclude Include="$(XmakeProjectDir)\src\tbox\utils\prefix.h">
      <Filter>src\tbox\utils</Filter>
    </ClInclude>
    <ClInclude Include="$(XmakeProjectDir)\src\tbox\utils\singleton.h">
      <Filter>src\tbox\utils</Filter>
    </ClInclude>
    <ClInclude Include="$(XmakeProjectDir)\src\tbox\utils\trace.h">
      <Filter>src\tbox\utils</Filter>
    </ClInclude>
    <ClInclude Include="$(XmakeProjectDir)\src\tbox\utils\url.h">
      <Filter>src\tbox\utils</Filter>
    </ClInclude>
    <ClInclude Include="$(XmakeProjectDir)\src\tbox\utils\used.h">
      <Filter>src\tbox\utils</Filter>
    </ClInclude>
    <ClInclude Include="$(XmakeProjectDir)\src\tbox\utils\utils.h">
      <Filter>src\tbox\utils</Filter>
    </ClInclude>
    <ClInclude Include="$(XmakeProjectDir)\src\tbox\xml\node.h">
      <Filter>src\tbox\xml</Filter>
    </ClInclude>
    <ClInclude Include="$(XmakeProjectDir)\src\tbox\xml\prefix.h">
      <Filter>src\tbox\xml</Filter>
    </ClInclude>
    <ClInclude Include="$(XmakeProjectDir)\src\tbox\xml\reader.h">
      <Filter>src\tbox\xml</Filter>
    </ClInclude>
    <ClInclude Include="$(XmakeProjectDir)\src\tbox\xml\writer.h">
      <Filter>src\tbox\xml</Filter>
    </ClInclude>
    <ClInclude Include="$(XmakeProjectDir)\src\tbox\xml\xml.h">
      <Filter>src\tbox\xml</Filter>
    </ClInclude>
    <ClInclude Include="$(XmakeProjectDir)\src\tbox\zip\gzip.h">
      <Filter>src\tbox\zip</Filter>
    </ClInclude>
    <ClInclude Include="$(XmakeProjectDir)\src\tbox\zip\prefix.h">
      <Filter>src\tbox\zip</Filter>
    </ClInclude>
    <ClInclude Include="$(XmakeProjectDir)\src\tbox\zip\zip.h">
      <Filter>src\tbox\zip</Filter>
    </ClInclude>
    <ClInclude Include="$(XmakeProjectDir)\src\tbox\zip\zlib.h">
      <Filter>src\tbox\zip</Filter>
    </ClInclude>
    <ClInclude Include="$(XmakeProjectDir)\src\tbox\zip\zlibraw.h">
      <Filter>src\tbox\zip</Filter>
    </ClInclude>
    <ClInclude Include="$(XmakeProjectDir)\src\tbox\prefix\arm\prefix.S">
      <Filter>src\tbox\prefix\arm</Filter>
    </ClInclude>
    <ClInclude Include="$(XmakeProjectDir)\src\tbox\prefix\arm64\prefix.S">
      <Filter>src\tbox\prefix\arm64</Filter>
    </ClInclude>
    <ClInclude Include="$(XmakeProjectDir)\src\tbox\prefix\mips\prefix.S">
      <Filter>src\tbox\prefix\mips</Filter>
    </ClInclude>
    <ClInclude Include="$(XmakeProjectDir)\src\tbox\prefix\x64\prefix.S">
      <Filter>src\tbox\prefix\x64</Filter>
    </ClInclude>
    <ClInclude Include="$(XmakeProjectDir)\src\tbox\prefix\x86\prefix.S">
      <Filter>src\tbox\prefix\x86</Filter>
    </ClInclude>
    <ClInclude Include="$(XmakeProjectDir)\src\tbox\math\impl\fixed16_arm.h">
      <Filter>src\tbox\math\impl</Filter>
    </ClInclude>
    <ClInclude Include="$(XmakeProjectDir)\src\tbox\math\impl\fixed30_arm.h">
      <Filter>src\tbox\math\impl</Filter>
    </ClInclude>
    <ClInclude Include="$(XmakeProjectDir)\src\tbox\math\impl\impl.h">
      <Filter>src\tbox\math\impl</Filter>
    </ClInclude>
    <ClInclude Include="$(XmakeProjectDir)\src\tbox\math\impl\math.h">
      <Filter>src\tbox\math\impl</Filter>
    </ClInclude>
    <ClInclude Include="$(XmakeProjectDir)\src\tbox\math\impl\prefix.h">
      <Filter>src\tbox\math\impl</Filter>
    </ClInclude>
    <ClInclude Include="$(XmakeProjectDir)\src\tbox\utils\impl\bits_arm.h">
      <Filter>src\tbox\utils\impl</Filter>
    </ClInclude>
    <ClInclude Include="$(XmakeProjectDir)\src\tbox\utils\impl\bits_gcc.h">
      <Filter>src\tbox\utils\impl</Filter>
    </ClInclude>
    <ClInclude Include="$(XmakeProjectDir)\src\tbox\utils\impl\bits_sh4.h">
      <Filter>src\tbox\utils\impl</Filter>
    </ClInclude>
    <ClInclude Include="$(XmakeProjectDir)\src\tbox\utils\impl\bits_x86.h">
      <Filter>src\tbox\utils\impl</Filter>
    </ClInclude>
    <ClInclude Include="$(XmakeProjectDir)\src\tbox\utils\impl\impl.h">
      <Filter>src\tbox\utils\impl</Filter>
    </ClInclude>
    <ClInclude Include="$(XmakeProjectDir)\src\tbox\utils\impl\prefix.h">
      <Filter>src\tbox\utils\impl</Filter>
    </ClInclude>
    <ClInclude Include="$(XmakeProjectDir)\build\windows\x86\debug\tbox.config.h">
      <Filter>build\windows\x86\debug</Filter>
    </ClInclude>
    <ClInclude Include="$(XmakeProjectDir)\build\windows\x64\debug\tbox.config.h">
      <Filter>build\windows\x64\debug</Filter>
    </ClInclude>
    <ClInclude Include="$(XmakeProjectDir)\build\windows\x86\release\tbox.config.h">
      <Filter>build\windows\x86\release</Filter>
    </ClInclude>
    <ClInclude Include="$(XmakeProjectDir)\build\windows\x64\release\tbox.config.h">
      <Filter>build\windows\x64\release</Filter>
    </ClInclude>


  </ItemGroup>
  <ItemGroup>
    <ClCompile Include="$(XmakeProjectDir)\src\tbox\tbox.c">
      <Filter>src\tbox</Filter>
    </ClCompile>
    <ClCompile Include="$(XmakeProjectDir)\src\tbox\hash\bkdr.c">
      <Filter>src\tbox\hash</Filter>
    </ClCompile>
    <ClCompile Include="$(XmakeProjectDir)\src\tbox\hash\fnv32.c">
      <Filter>src\tbox\hash</Filter>
    </ClCompile>
    <ClCompile Include="$(XmakeProjectDir)\src\tbox\hash\adler32.c">
      <Filter>src\tbox\hash</Filter>
    </ClCompile>
    <ClCompile Include="$(XmakeProjectDir)\src\tbox\math\fixed16.c">
      <Filter>src\tbox\math</Filter>
    </ClCompile>
    <ClCompile Include="$(XmakeProjectDir)\src\tbox\math\impl\math.c">
      <Filter>src\tbox\math\impl</Filter>
    </ClCompile>
    <ClCompile Include="$(XmakeProjectDir)\src\tbox\math\int32.c">
      <Filter>src\tbox\math</Filter>
    </ClCompile>
    <ClCompile Include="$(XmakeProjectDir)\src\tbox\math\random\linear.c">
      <Filter>src\tbox\math\random</Filter>
    </ClCompile>
    <ClCompile Include="$(XmakeProjectDir)\src\tbox\math\random\random.c">
      <Filter>src\tbox\math\random</Filter>
    </ClCompile>
    <ClCompile Include="$(XmakeProjectDir)\src\tbox\libc\impl\libc.c">
      <Filter>src\tbox\libc\impl</Filter>
    </ClCompile>
    <ClCompile Include="$(XmakeProjectDir)\src\tbox\libc\misc\time\gmmktime.c">
      <Filter>src\tbox\libc\misc\time</Filter>
    </ClCompile>
    <ClCompile Include="$(XmakeProjectDir)\src\tbox\libc\misc\time\gmtime.c">
      <Filter>src\tbox\libc\misc\time</Filter>
    </ClCompile>
    <ClCompile Include="$(XmakeProjectDir)\src\tbox\libc\misc\time\localtime.c">
      <Filter>src\tbox\libc\misc\time</Filter>
    </ClCompile>
    <ClCompile Include="$(XmakeProjectDir)\src\tbox\libc\misc\time\mktime.c">
      <Filter>src\tbox\libc\misc\time</Filter>
    </ClCompile>
    <ClCompile Include="$(XmakeProjectDir)\src\tbox\libc\misc\time\time.c">
      <Filter>src\tbox\libc\misc\time</Filter>
    </ClCompile>
    <ClCompile Include="$(XmakeProjectDir)\src\tbox\libc\stdio\getchar.c">
      <Filter>src\tbox\libc\stdio</Filter>
    </ClCompile>
    <ClCompile Include="$(XmakeProjectDir)\src\tbox\libc\stdio\printf.c">
      <Filter>src\tbox\libc\stdio</Filter>
    </ClCompile>
    <ClCompile Include="$(XmakeProjectDir)\src\tbox\libc\stdio\printf_object.c">
      <Filter>src\tbox\libc\stdio</Filter>
    </ClCompile>
    <ClCompile Include="$(XmakeProjectDir)\src\tbox\libc\stdio\putchar.c">
      <Filter>src\tbox\libc\stdio</Filter>
    </ClCompile>
    <ClCompile Include="$(XmakeProjectDir)\src\tbox\libc\stdio\puts.c">
      <Filter>src\tbox\libc\stdio</Filter>
    </ClCompile>
    <ClCompile Include="$(XmakeProjectDir)\src\tbox\libc\stdio\snprintf.c">
      <Filter>src\tbox\libc\stdio</Filter>
    </ClCompile>
    <ClCompile Include="$(XmakeProjectDir)\src\tbox\libc\stdio\sprintf.c">
      <Filter>src\tbox\libc\stdio</Filter>
    </ClCompile>
    <ClCompile Include="$(XmakeProjectDir)\src\tbox\libc\stdio\swprintf.c">
      <Filter>src\tbox\libc\stdio</Filter>
    </ClCompile>
    <ClCompile Include="$(XmakeProjectDir)\src\tbox\libc\stdio\vsnprintf.c">
      <Filter>src\tbox\libc\stdio</Filter>
    </ClCompile>
    <ClCompile Include="$(XmakeProjectDir)\src\tbox\libc\stdio\vswprintf.c">
      <Filter>src\tbox\libc\stdio</Filter>
    </ClCompile>
    <ClCompile Include="$(XmakeProjectDir)\src\tbox\libc\stdio\wprintf.c">
      <Filter>src\tbox\libc\stdio</Filter>
    </ClCompile>
    <ClCompile Include="$(XmakeProjectDir)\src\tbox\libc\stdio\wputs.c">
      <Filter>src\tbox\libc\stdio</Filter>
    </ClCompile>
    <ClCompile Include="$(XmakeProjectDir)\src\tbox\libc\stdlib\mbstowcs.c">
      <Filter>src\tbox\libc\stdlib</Filter>
    </ClCompile>
    <ClCompile Include="$(XmakeProjectDir)\src\tbox\libc\stdlib\random.c">
      <Filter>src\tbox\libc\stdlib</Filter>
    </ClCompile>
    <ClCompile Include="$(XmakeProjectDir)\src\tbox\libc\stdlib\stdlib.c">
      <Filter>src\tbox\libc\stdlib</Filter>
    </ClCompile>
    <ClCompile Include="$(XmakeProjectDir)\src\tbox\libc\stdlib\wcstombs.c">
      <Filter>src\tbox\libc\stdlib</Filter>
    </ClCompile>
    <ClCompile Include="$(XmakeProjectDir)\src\tbox\libc\string\memcmp.c">
      <Filter>src\tbox\libc\string</Filter>
    </ClCompile>
    <ClCompile Include="$(XmakeProjectDir)\src\tbox\libc\string\memcpy.c">
      <Filter>src\tbox\libc\string</Filter>
    </ClCompile>
    <ClCompile Include="$(XmakeProjectDir)\src\tbox\libc\string\memdup.c">
      <Filter>src\tbox\libc\string</Filter>
    </ClCompile>
    <ClCompile Include="$(XmakeProjectDir)\src\tbox\libc\string\memmem.c">
      <Filter>src\tbox\libc\string</Filter>
    </ClCompile>
    <ClCompile Include="$(XmakeProjectDir)\src\tbox\libc\string\memmov.c">
      <Filter>src\tbox\libc\string</Filter>
    </ClCompile>
    <ClCompile Include="$(XmakeProjectDir)\src\tbox\libc\string\memset.c">
      <Filter>src\tbox\libc\string</Filter>
    </ClCompile>
    <ClCompile Include="$(XmakeProjectDir)\src\tbox\libc\string\strcat.c">
      <Filter>src\tbox\libc\string</Filter>
    </ClCompile>
    <ClCompile Include="$(XmakeProjectDir)\src\tbox\libc\string\strchr.c">
      <Filter>src\tbox\libc\string</Filter>
    </ClCompile>
    <ClCompile Include="$(XmakeProjectDir)\src\tbox\libc\string\strcmp.c">
      <Filter>src\tbox\libc\string</Filter>
    </ClCompile>
    <ClCompile Include="$(XmakeProjectDir)\src\tbox\libc\string\strcpy.c">
      <Filter>src\tbox\libc\string</Filter>
    </ClCompile>
    <ClCompile Include="$(XmakeProjectDir)\src\tbox\libc\string\strdup.c">
      <Filter>src\tbox\libc\string</Filter>
    </ClCompile>
    <ClCompile Include="$(XmakeProjectDir)\src\tbox\libc\string\strichr.c">
      <Filter>src\tbox\libc\string</Filter>
    </ClCompile>
    <ClCompile Include="$(XmakeProjectDir)\src\tbox\libc\string\stricmp.c">
      <Filter>src\tbox\libc\string</Filter>
    </ClCompile>
    <ClCompile Include="$(XmakeProjectDir)\src\tbox\libc\string\strirchr.c">
      <Filter>src\tbox\libc\string</Filter>
    </ClCompile>
    <ClCompile Include="$(XmakeProjectDir)\src\tbox\libc\string\strirstr.c">
      <Filter>src\tbox\libc\string</Filter>
    </ClCompile>
    <ClCompile Include="$(XmakeProjectDir)\src\tbox\libc\string\stristr.c">
      <Filter>src\tbox\libc\string</Filter>
    </ClCompile>
    <ClCompile Include="$(XmakeProjectDir)\src\tbox\libc\string\strlcpy.c">
      <Filter>src\tbox\libc\string</Filter>
    </ClCompile>
    <ClCompile Include="$(XmakeProjectDir)\src\tbox\libc\string\strlen.c">
      <Filter>src\tbox\libc\string</Filter>
    </ClCompile>
    <ClCompile Include="$(XmakeProjectDir)\src\tbox\libc\string\strncat.c">
      <Filter>src\tbox\libc\string</Filter>
    </ClCompile>
    <ClCompile Include="$(XmakeProjectDir)\src\tbox\libc\string\strnchr.c">
      <Filter>src\tbox\libc\string</Filter>
    </ClCompile>
    <ClCompile Include="$(XmakeProjectDir)\src\tbox\libc\string\strncmp.c">
      <Filter>src\tbox\libc\string</Filter>
    </ClCompile>
    <ClCompile Include="$(XmakeProjectDir)\src\tbox\libc\string\strncpy.c">
      <Filter>src\tbox\libc\string</Filter>
    </ClCompile>
    <ClCompile Include="$(XmakeProjectDir)\src\tbox\libc\string\strndup.c">
      <Filter>src\tbox\libc\string</Filter>
    </ClCompile>
    <ClCompile Include="$(XmakeProjectDir)\src\tbox\libc\string\strnichr.c">
      <Filter>src\tbox\libc\string</Filter>
    </ClCompile>
    <ClCompile Include="$(XmakeProjectDir)\src\tbox\libc\string\strnicmp.c">
      <Filter>src\tbox\libc\string</Filter>
    </ClCompile>
    <ClCompile Include="$(XmakeProjectDir)\src\tbox\libc\string\strnirchr.c">
      <Filter>src\tbox\libc\string</Filter>
    </ClCompile>
    <ClCompile Include="$(XmakeProjectDir)\src\tbox\libc\string\strnirstr.c">
      <Filter>src\tbox\libc\string</Filter>
    </ClCompile>
    <ClCompile Include="$(XmakeProjectDir)\src\tbox\libc\string\strnistr.c">
      <Filter>src\tbox\libc\string</Filter>
    </ClCompile>
    <ClCompile Include="$(XmakeProjectDir)\src\tbox\libc\string\strnlen.c">
      <Filter>src\tbox\libc\string</Filter>
    </ClCompile>
    <ClCompile Include="$(XmakeProjectDir)\src\tbox\libc\string\strnrchr.c">
      <Filter>src\tbox\libc\string</Filter>
    </ClCompile>
    <ClCompile Include="$(XmakeProjectDir)\src\tbox\libc\string\strnrstr.c">
      <Filter>src\tbox\libc\string</Filter>
    </ClCompile>
    <ClCompile Include="$(XmakeProjectDir)\src\tbox\libc\string\strnstr.c">
      <Filter>src\tbox\libc\string</Filter>
    </ClCompile>
    <ClCompile Include="$(XmakeProjectDir)\src\tbox\libc\string\strrchr.c">
      <Filter>src\tbox\libc\string</Filter>
    </ClCompile>
    <ClCompile Include="$(XmakeProjectDir)\src\tbox\libc\string\strrstr.c">
      <Filter>src\tbox\libc\string</Filter>
    </ClCompile>
    <ClCompile Include="$(XmakeProjectDir)\src\tbox\libc\string\strstr.c">
      <Filter>src\tbox\libc\string</Filter>
    </ClCompile>
    <ClCompile Include="$(XmakeProjectDir)\src\tbox\libc\string\wcscat.c">
      <Filter>src\tbox\libc\string</Filter>
    </ClCompile>
    <ClCompile Include="$(XmakeProjectDir)\src\tbox\libc\string\wcschr.c">
      <Filter>src\tbox\libc\string</Filter>
    </ClCompile>
    <ClCompile Include="$(XmakeProjectDir)\src\tbox\libc\string\wcscmp.c">
      <Filter>src\tbox\libc\string</Filter>
    </ClCompile>
    <ClCompile Include="$(XmakeProjectDir)\src\tbox\libc\string\wcscpy.c">
      <Filter>src\tbox\libc\string</Filter>
    </ClCompile>
    <ClCompile Include="$(XmakeProjectDir)\src\tbox\libc\string\wcsdup.c">
      <Filter>src\tbox\libc\string</Filter>
    </ClCompile>
    <ClCompile Include="$(XmakeProjectDir)\src\tbox\libc\string\wcsichr.c">
      <Filter>src\tbox\libc\string</Filter>
    </ClCompile>
    <ClCompile Include="$(XmakeProjectDir)\src\tbox\libc\string\wcsicmp.c">
      <Filter>src\tbox\libc\string</Filter>
    </ClCompile>
    <ClCompile Include="$(XmakeProjectDir)\src\tbox\libc\string\wcsirchr.c">
      <Filter>src\tbox\libc\string</Filter>
    </ClCompile>
    <ClCompile Include="$(XmakeProjectDir)\src\tbox\libc\string\wcsirstr.c">
      <Filter>src\tbox\libc\string</Filter>
    </ClCompile>
    <ClCompile Include="$(XmakeProjectDir)\src\tbox\libc\string\wcsistr.c">
      <Filter>src\tbox\libc\string</Filter>
    </ClCompile>
    <ClCompile Include="$(XmakeProjectDir)\src\tbox\libc\string\wcslcpy.c">
      <Filter>src\tbox\libc\string</Filter>
    </ClCompile>
    <ClCompile Include="$(XmakeProjectDir)\src\tbox\libc\string\wcslen.c">
      <Filter>src\tbox\libc\string</Filter>
    </ClCompile>
    <ClCompile Include="$(XmakeProjectDir)\src\tbox\libc\string\wcsncat.c">
      <Filter>src\tbox\libc\string</Filter>
    </ClCompile>
    <ClCompile Include="$(XmakeProjectDir)\src\tbox\libc\string\wcsncmp.c">
      <Filter>src\tbox\libc\string</Filter>
    </ClCompile>
    <ClCompile Include="$(XmakeProjectDir)\src\tbox\libc\string\wcsncpy.c">
      <Filter>src\tbox\libc\string</Filter>
    </ClCompile>
    <ClCompile Include="$(XmakeProjectDir)\src\tbox\libc\string\wcsndup.c">
      <Filter>src\tbox\libc\string</Filter>
    </ClCompile>
    <ClCompile Include="$(XmakeProjectDir)\src\tbox\libc\string\wcsnicmp.c">
      <Filter>src\tbox\libc\string</Filter>
    </ClCompile>
    <ClCompile Include="$(XmakeProjectDir)\src\tbox\libc\string\wcsnirchr.c">
      <Filter>src\tbox\libc\string</Filter>
    </ClCompile>
    <ClCompile Include="$(XmakeProjectDir)\src\tbox\libc\string\wcsnirstr.c">
      <Filter>src\tbox\libc\string</Filter>
    </ClCompile>
    <ClCompile Include="$(XmakeProjectDir)\src\tbox\libc\string\wcsnlen.c">
      <Filter>src\tbox\libc\string</Filter>
    </ClCompile>
    <ClCompile Include="$(XmakeProjectDir)\src\tbox\libc\string\wcsnrchr.c">
      <Filter>src\tbox\libc\string</Filter>
    </ClCompile>
    <ClCompile Include="$(XmakeProjectDir)\src\tbox\libc\string\wcsnrstr.c">
      <Filter>src\tbox\libc\string</Filter>
    </ClCompile>
    <ClCompile Include="$(XmakeProjectDir)\src\tbox\libc\string\wcsrchr.c">
      <Filter>src\tbox\libc\string</Filter>
    </ClCompile>
    <ClCompile Include="$(XmakeProjectDir)\src\tbox\libc\string\wcsrstr.c">
      <Filter>src\tbox\libc\string</Filter>
    </ClCompile>
    <ClCompile Include="$(XmakeProjectDir)\src\tbox\libc\string\wcsstr.c">
      <Filter>src\tbox\libc\string</Filter>
    </ClCompile>
    <ClCompile Include="$(XmakeProjectDir)\src\tbox\utils\base32.c">
      <Filter>src\tbox\utils</Filter>
    </ClCompile>
    <ClCompile Include="$(XmakeProjectDir)\src\tbox\utils\base64.c">
      <Filter>src\tbox\utils</Filter>
    </ClCompile>
    <ClCompile Include="$(XmakeProjectDir)\src\tbox\utils\bits.c">
      <Filter>src\tbox\utils</Filter>
    </ClCompile>
    <ClCompile Include="$(XmakeProjectDir)\src\tbox\utils\dump.c">
      <Filter>src\tbox\utils</Filter>
    </ClCompile>
    <ClCompile Include="$(XmakeProjectDir)\src\tbox\utils\lock_profiler.c">
      <Filter>src\tbox\utils</Filter>
    </ClCompile>
    <ClCompile Include="$(XmakeProjectDir)\src\tbox\utils\singleton.c">
      <Filter>src\tbox\utils</Filter>
    </ClCompile>
    <ClCompile Include="$(XmakeProjectDir)\src\tbox\utils\trace.c">
      <Filter>src\tbox\utils</Filter>
    </ClCompile>
    <ClCompile Include="$(XmakeProjectDir)\src\tbox\utils\url.c">
      <Filter>src\tbox\utils</Filter>
    </ClCompile>
    <ClCompile Include="$(XmakeProjectDir)\src\tbox\utils\used.c">
      <Filter>src\tbox\utils</Filter>
    </ClCompile>
    <ClCompile Include="$(XmakeProjectDir)\src\tbox\prefix\state.c">
      <Filter>src\tbox\prefix</Filter>
    </ClCompile>
    <ClCompile Include="$(XmakeProjectDir)\src\tbox\memory\allocator.c">
      <Filter>src\tbox\memory</Filter>
    </ClCompile>
    <ClCompile Include="$(XmakeProjectDir)\src\tbox\memory\buffer.c">
      <Filter>src\tbox\memory</Filter>
    </ClCompile>
    <ClCompile Include="$(XmakeProjectDir)\src\tbox\memory\default_allocator.c">
      <Filter>src\tbox\memory</Filter>
    </ClCompile>
    <ClCompile Include="$(XmakeProjectDir)\src\tbox\memory\fixed_pool.c">
      <Filter>src\tbox\memory</Filter>
    </ClCompile>
    <ClCompile Include="$(XmakeProjectDir)\src\tbox\memory\impl\memory.c">
      <Filter>src\tbox\memory\impl</Filter>
    </ClCompile>
    <ClCompile Include="$(XmakeProjectDir)\src\tbox\memory\impl\native_large_allocator.c">
      <Filter>src\tbox\memory\impl</Filter>
    </ClCompile>
    <ClCompile Include="$(XmakeProjectDir)\src\tbox\memory\impl\prefix.c">
      <Filter>src\tbox\memory\impl</Filter>
    </ClCompile>
    <ClCompile Include="$(XmakeProjectDir)\src\tbox\memory\impl\static_fixed_pool.c">
      <Filter>src\tbox\memory\impl</Filter>
    </ClCompile>
    <ClCompile Include="$(XmakeProjectDir)\src\tbox\memory\impl\static_large_allocator.c">
      <Filter>src\tbox\memory\impl</Filter>
    </ClCompile>
    <ClCompile Include="$(XmakeProjectDir)\src\tbox\memory\large_allocator.c">
      <Filter>src\tbox\memory</Filter>
    </ClCompile>
    <ClCompile Include="$(XmakeProjectDir)\src\tbox\memory\native_allocator.c">
      <Filter>src\tbox\memory</Filter>
    </ClCompile>
    <ClCompile Include="$(XmakeProjectDir)\src\tbox\memory\queue_buffer.c">
      <Filter>src\tbox\memory</Filter>
    </ClCompile>
    <ClCompile Include="$(XmakeProjectDir)\src\tbox\memory\small_allocator.c">
      <Filter>src\tbox\memory</Filter>
    </ClCompile>
    <ClCompile Include="$(XmakeProjectDir)\src\tbox\memory\static_allocator.c">
      <Filter>src\tbox\memory</Filter>
    </ClCompile>
    <ClCompile Include="$(XmakeProjectDir)\src\tbox\memory\static_buffer.c">
      <Filter>src\tbox\memory</Filter>
    </ClCompile>
    <ClCompile Include="$(XmakeProjectDir)\src\tbox\memory\string_pool.c">
      <Filter>src\tbox\memory</Filter>
    </ClCompile>
    <ClCompile Include="$(XmakeProjectDir)\src\tbox\memory\virtual_allocator.c">
      <Filter>src\tbox\memory</Filter>
    </ClCompile>
    <ClCompile Include="$(XmakeProjectDir)\src\tbox\string\static_string.c">
      <Filter>src\tbox\string</Filter>
    </ClCompile>
    <ClCompile Include="$(XmakeProjectDir)\src\tbox\string\string.c">
      <Filter>src\tbox\string</Filter>
    </ClCompile>
    <ClCompile Include="$(XmakeProjectDir)\src\tbox\stream\filter.c">
      <Filter>src\tbox\stream</Filter>
    </ClCompile>
    <ClCompile Include="$(XmakeProjectDir)\src\tbox\stream\impl\filter\cache.c">
      <Filter>src\tbox\stream\impl\filter</Filter>
    </ClCompile>
    <ClCompile Include="$(XmakeProjectDir)\src\tbox\stream\impl\filter\chunked.c">
      <Filter>src\tbox\stream\impl\filter</Filter>
    </ClCompile>
    <ClCompile Include="$(XmakeProjectDir)\src\tbox\stream\impl\stream\data.c">
      <Filter>src\tbox\stream\impl\stream</Filter>
    </ClCompile>
    <ClCompile Include="$(XmakeProjectDir)\src\tbox\stream\impl\stream\file.c">
      <Filter>src\tbox\stream\impl\stream</Filter>
    </ClCompile>
    <ClCompile Include="$(XmakeProjectDir)\src\tbox\stream\impl\stream\filter.c">
      <Filter>src\tbox\stream\impl\stream</Filter>
    </ClCompile>
    <ClCompile Include="$(XmakeProjectDir)\src\tbox\stream\impl\stream\http.c">
      <Filter>src\tbox\stream\impl\stream</Filter>
    </ClCompile>
    <ClCompile Include="$(XmakeProjectDir)\src\tbox\stream\impl\stream\sock.c">
      <Filter>src\tbox\stream\impl\stream</Filter>
    </ClCompile>
    <ClCompile Include="$(XmakeProjectDir)\src\tbox\stream\static_stream.c">
      <Filter>src\tbox\stream</Filter>
    </ClCompile>
    <ClCompile Include="$(XmakeProjectDir)\src\tbox\stream\stream.c">
      <Filter>src\tbox\stream</Filter>
    </ClCompile>
    <ClCompile Include="$(XmakeProjectDir)\src\tbox\stream\transfer.c">
      <Filter>src\tbox\stream</Filter>
    </ClCompile>
    <ClCompile Include="$(XmakeProjectDir)\src\tbox\network\cookies.c">
      <Filter>src\tbox\network</Filter>
    </ClCompile>
    <ClCompile Include="$(XmakeProjectDir)\src\tbox\network\dns\cache.c">
      <Filter>src\tbox\network\dns</Filter>
    </ClCompile>
    <ClCompile Include="$(XmakeProjectDir)\src\tbox\network\dns\looker.c">
      <Filter>src\tbox\network\dns</Filter>
    </ClCompile>
    <ClCompile Include="$(XmakeProjectDir)\src\tbox\network\dns\server.c">
      <Filter>src\tbox\network\dns</Filter>
    </ClCompile>
    <ClCompile Include="$(XmakeProjectDir)\src\tbox\network\http.c">
      <Filter>src\tbox\network</Filter>
    </ClCompile>
    <ClCompile Include="$(XmakeProjectDir)\src\tbox\network\hwaddr.c">
      <Filter>src\tbox\network</Filter>
    </ClCompile>
    <ClCompile Include="$(XmakeProjectDir)\src\tbox\network\impl\http\date.c">
      <Filter>src\tbox\network\impl\http</Filter>
    </ClCompile>
    <ClCompile Include="$(XmakeProjectDir)\src\tbox\network\impl\http\method.c">
      <Filter>src\tbox\network\impl\http</Filter>
    </ClCompile>
    <ClCompile Include="$(XmakeProjectDir)\src\tbox\network\impl\http\option.c">
      <Filter>src\tbox\network\impl\http</Filter>
    </ClCompile>
    <ClCompile Include="$(XmakeProjectDir)\src\tbox\network\impl\http\status.c">
      <Filter>src\tbox\network\impl\http</Filter>
    </ClCompile>
    <ClCompile Include="$(XmakeProjectDir)\src\tbox\network\impl\network.c">
      <Filter>src\tbox\network\impl</Filter>
    </ClCompile>
    <ClCompile Include="$(XmakeProjectDir)\src\tbox\network\ipaddr.c">
      <Filter>src\tbox\network</Filter>
    </ClCompile>
    <ClCompile Include="$(XmakeProjectDir)\src\tbox\network\ipv4.c">
      <Filter>src\tbox\network</Filter>
    </ClCompile>
    <ClCompile Include="$(XmakeProjectDir)\src\tbox\network\ipv6.c">
      <Filter>src\tbox\network</Filter>
    </ClCompile>
    <ClCompile Include="$(XmakeProjectDir)\src\tbox\network\unixaddr.c">
      <Filter>src\tbox\network</Filter>
    </ClCompile>
    <ClCompile Include="$(XmakeProjectDir)\src\tbox\network\url.c">
      <Filter>src\tbox\network</Filter>
    </ClCompile>
    <ClCompile Include="$(XmakeProjectDir)\src\tbox\algorithm\binary_find.c">
      <Filter>src\tbox\algorithm</Filter>
    </ClCompile>
    <ClCompile Include="$(XmakeProjectDir)\src\tbox\algorithm\binary_find_if.c">
      <Filter>src\tbox\algorithm</Filter>
    </ClCompile>
    <ClCompile Include="$(XmakeProjectDir)\src\tbox\algorithm\bubble_sort.c">
      <Filter>src\tbox\algorithm</Filter>
    </ClCompile>
    <ClCompile Include="$(XmakeProjectDir)\src\tbox\algorithm\count.c">
      <Filter>src\tbox\algorithm</Filter>
    </ClCompile>
    <ClCompile Include="$(XmakeProjectDir)\src\tbox\algorithm\count_if.c">
      <Filter>src\tbox\algorithm</Filter>
    </ClCompile>
    <ClCompile Include="$(XmakeProjectDir)\src\tbox\algorithm\distance.c">
      <Filter>src\tbox\algorithm</Filter>
    </ClCompile>
    <ClCompile Include="$(XmakeProjectDir)\src\tbox\algorithm\find.c">
      <Filter>src\tbox\algorithm</Filter>
    </ClCompile>
    <ClCompile Include="$(XmakeProjectDir)\src\tbox\algorithm\find_if.c">
      <Filter>src\tbox\algorithm</Filter>
    </ClCompile>
    <ClCompile Include="$(XmakeProjectDir)\src\tbox\algorithm\heap_sort.c">
      <Filter>src\tbox\algorithm</Filter>
    </ClCompile>
    <ClCompile Include="$(XmakeProjectDir)\src\tbox\algorithm\insert_sort.c">
      <Filter>src\tbox\algorithm</Filter>
    </ClCompile>
    <ClCompile Include="$(XmakeProjectDir)\src\tbox\algorithm\predicate.c">
      <Filter>src\tbox\algorithm</Filter>
    </ClCompile>
    <ClCompile Include="$(XmakeProjectDir)\src\tbox\algorithm\quick_sort.c">
      <Filter>src\tbox\algorithm</Filter>
    </ClCompile>
    <ClCompile Include="$(XmakeProjectDir)\src\tbox\algorithm\remove.c">
      <Filter>src\tbox\algorithm</Filter>
    </ClCompile>
    <ClCompile Include="$(XmakeProjectDir)\src\tbox\algorithm\remove_first.c">
      <Filter>src\tbox\algorithm</Filter>
    </ClCompile>
    <ClCompile Include="$(XmakeProjectDir)\src\tbox\algorithm\remove_first_if.c">
      <Filter>src\tbox\algorithm</Filter>
    </ClCompile>
    <ClCompile Include="$(XmakeProjectDir)\src\tbox\algorithm\remove_if.c">
      <Filter>src\tbox\algorithm</Filter>
    </ClCompile>
    <ClCompile Include="$(XmakeProjectDir)\src\tbox\algorithm\rfind.c">
      <Filter>src\tbox\algorithm</Filter>
    </ClCompile>
    <ClCompile Include="$(XmakeProjectDir)\src\tbox\algorithm\rfind_if.c">
      <Filter>src\tbox\algorithm</Filter>
    </ClCompile>
    <ClCompile Include="$(XmakeProjectDir)\src\tbox\algorithm\rwalk.c">
      <Filter>src\tbox\algorithm</Filter>
    </ClCompile>
    <ClCompile Include="$(XmakeProjectDir)\src\tbox\algorithm\sort.c">
      <Filter>src\tbox\algorithm</Filter>
    </ClCompile>
    <ClCompile Include="$(XmakeProjectDir)\src\tbox\algorithm\walk.c">
      <Filter>src\tbox\algorithm</Filter>
    </ClCompile>
    <ClCompile Include="$(XmakeProjectDir)\src\tbox\container\array_iterator.c">
      <Filter>src\tbox\container</Filter>
    </ClCompile>
    <ClCompile Include="$(XmakeProjectDir)\src\tbox\container\bloom_filter.c">
      <Filter>src\tbox\container</Filter>
    </ClCompile>
    <ClCompile Include="$(XmakeProjectDir)\src\tbox\container\circle_queue.c">
      <Filter>src\tbox\container</Filter>
    </ClCompile>
    <ClCompile Include="$(XmakeProjectDir)\src\tbox\container\element\hash.c">
      <Filter>src\tbox\container\element</Filter>
    </ClCompile>
    <ClCompile Include="$(XmakeProjectDir)\src\tbox\container\element\long.c">
      <Filter>src\tbox\container\element</Filter>
    </ClCompile>
    <ClCompile Include="$(XmakeProjectDir)\src\tbox\container\element\mem.c">
      <Filter>src\tbox\container\element</Filter>
    </ClCompile>
    <ClCompile Include="$(XmakeProjectDir)\src\tbox\container\element\null.c">
      <Filter>src\tbox\container\element</Filter>
    </ClCompile>
    <ClCompile Include="$(XmakeProjectDir)\src\tbox\container\element\ptr.c">
      <Filter>src\tbox\container\element</Filter>
    </ClCompile>
    <ClCompile Include="$(XmakeProjectDir)\src\tbox\container\element\size.c">
      <Filter>src\tbox\container\element</Filter>
    </ClCompile>
    <ClCompile Include="$(XmakeProjectDir)\src\tbox\container\element\str.c">
      <Filter>src\tbox\container\element</Filter>
    </ClCompile>
    <ClCompile Include="$(XmakeProjectDir)\src\tbox\container\element\true.c">
      <Filter>src\tbox\container\element</Filter>
    </ClCompile>
    <ClCompile Include="$(XmakeProjectDir)\src\tbox\container\element\uint16.c">
      <Filter>src\tbox\container\element</Filter>
    </ClCompile>
    <ClCompile Include="$(XmakeProjectDir)\src\tbox\container\element\uint32.c">
      <Filter>src\tbox\container\element</Filter>
    </ClCompile>
    <ClCompile Include="$(XmakeProjectDir)\src\tbox\container\element\uint8.c">
      <Filter>src\tbox\container\element</Filter>
    </ClCompile>
    <ClCompile Include="$(XmakeProjectDir)\src\tbox\container\hash_map.c">
      <Filter>src\tbox\container</Filter>
    </ClCompile>
    <ClCompile Include="$(XmakeProjectDir)\src\tbox\container\hash_set.c">
      <Filter>src\tbox\container</Filter>
    </ClCompile>
    <ClCompile Include="$(XmakeProjectDir)\src\tbox\container\heap.c">
      <Filter>src\tbox\container</Filter>
    </ClCompile>
    <ClCompile Include="$(XmakeProjectDir)\src\tbox\container\iterator.c">
      <Filter>src\tbox\container</Filter>
    </ClCompile>
    <ClCompile Include="$(XmakeProjectDir)\src\tbox\container\list.c">
      <Filter>src\tbox\container</Filter>
    </ClCompile>
    <ClCompile Include="$(XmakeProjectDir)\src\tbox\container\list_entry.c">
      <Filter>src\tbox\container</Filter>
    </ClCompile>
    <ClCompile Include="$(XmakeProjectDir)\src\tbox\container\priority_queue.c">
      <Filter>src\tbox\container</Filter>
    </ClCompile>
    <ClCompile Include="$(XmakeProjectDir)\src\tbox\container\queue.c">
      <Filter>src\tbox\container</Filter>
    </ClCompile>
    <ClCompile Include="$(XmakeProjectDir)\src\tbox\container\single_list.c">
      <Filter>src\tbox\container</Filter>
    </ClCompile>
    <ClCompile Include="$(XmakeProjectDir)\src\tbox\container\single_list_entry.c">
      <Filter>src\tbox\container</Filter>
    </ClCompile>
    <ClCompile Include="$(XmakeProjectDir)\src\tbox\container\stack.c">
      <Filter>src\tbox\container</Filter>
    </ClCompile>
    <ClCompile Include="$(XmakeProjectDir)\src\tbox\container\vector.c">
      <Filter>src\tbox\container</Filter>
    </ClCompile>
    <ClCompile Include="$(XmakeProjectDir)\src\tbox\libm\impl\libm.c">
      <Filter>src\tbox\libm\impl</Filter>
    </ClCompile>
    <ClCompile Include="$(XmakeProjectDir)\src\tbox\libm\idivi8.c">
      <Filter>src\tbox\libm</Filter>
    </ClCompile>
    <ClCompile Include="$(XmakeProjectDir)\src\tbox\libm\ilog2i.c">
      <Filter>src\tbox\libm</Filter>
    </ClCompile>
    <ClCompile Include="$(XmakeProjectDir)\src\tbox\libm\isqrti.c">
      <Filter>src\tbox\libm</Filter>
    </ClCompile>
    <ClCompile Include="$(XmakeProjectDir)\src\tbox\libm\isqrti64.c">
      <Filter>src\tbox\libm</Filter>
    </ClCompile>
    <ClCompile Include="$(XmakeProjectDir)\src\tbox\platform\addrinfo.c">
      <Filter>src\tbox\platform</Filter>
    </ClCompile>
    <ClCompile Include="$(XmakeProjectDir)\src\tbox\platform\atomic64.c">
      <Filter>src\tbox\platform</Filter>
    </ClCompile>
    <ClCompile Include="$(XmakeProjectDir)\src\tbox\platform\backtrace.c">
      <Filter>src\tbox\platform</Filter>
    </ClCompile>
    <ClCompile Include="$(XmakeProjectDir)\src\tbox\platform\cache_time.c">
      <Filter>src\tbox\platform</Filter>
    </ClCompile>
    <ClCompile Include="$(XmakeProjectDir)\src\tbox\platform\cpu.c">
      <Filter>src\tbox\platform</Filter>
    </ClCompile>
    <ClCompile Include="$(XmakeProjectDir)\src\tbox\platform\directory.c">
      <Filter>src\tbox\platform</Filter>
    </ClCompile>
    <ClCompile Include="$(XmakeProjectDir)\src\tbox\platform\dynamic.c">
      <Filter>src\tbox\platform</Filter>
    </ClCompile>
    <ClCompile Include="$(XmakeProjectDir)\src\tbox\platform\environment.c">
      <Filter>src\tbox\platform</Filter>
    </ClCompile>
    <ClCompile Include="$(XmakeProjectDir)\src\tbox\platform\event.c">
      <Filter>src\tbox\platform</Filter>
    </ClCompile>
    <ClCompile Include="$(XmakeProjectDir)\src\tbox\platform\file.c">
      <Filter>src\tbox\platform</Filter>
    </ClCompile>
    <ClCompile Include="$(XmakeProjectDir)\src\tbox\platform\filelock.c">
      <Filter>src\tbox\platform</Filter>
    </ClCompile>
    <ClCompile Include="$(XmakeProjectDir)\src\tbox\platform\hostname.c">
      <Filter>src\tbox\platform</Filter>
    </ClCompile>
    <ClCompile Include="$(XmakeProjectDir)\src\tbox\platform\ifaddrs.c">
      <Filter>src\tbox\platform</Filter>
    </ClCompile>
    <ClCompile Include="$(XmakeProjectDir)\src\tbox\platform\ltimer.c">
      <Filter>src\tbox\platform</Filter>
    </ClCompile>
    <ClCompile Include="$(XmakeProjectDir)\src\tbox\platform\mutex.c">
      <Filter>src\tbox\platform</Filter>
    </ClCompile>
    <ClCompile Include="$(XmakeProjectDir)\src\tbox\platform\native_memory.c">
      <Filter>src\tbox\platform</Filter>
    </ClCompile>
    <ClCompile Include="$(XmakeProjectDir)\src\tbox\platform\page.c">
      <Filter>src\tbox\platform</Filter>
    </ClCompile>
    <ClCompile Include="$(XmakeProjectDir)\src\tbox\platform\path.c">
      <Filter>src\tbox\platform</Filter>
    </ClCompile>
    <ClCompile Include="$(XmakeProjectDir)\src\tbox\platform\pipe.c">
      <Filter>src\tbox\platform</Filter>
    </ClCompile>
    <ClCompile Include="$(XmakeProjectDir)\src\tbox\platform\poller.c">
      <Filter>src\tbox\platform</Filter>
    </ClCompile>
    <ClCompile Include="$(XmakeProjectDir)\src\tbox\platform\print.c">
      <Filter>src\tbox\platform</Filter>
    </ClCompile>
    <ClCompile Include="$(XmakeProjectDir)\src\tbox\platform\process.c">
      <Filter>src\tbox\platform</Filter>
    </ClCompile>
    <ClCompile Include="$(XmakeProjectDir)\src\tbox\platform\sched.c">
      <Filter>src\tbox\platform</Filter>
    </ClCompile>
    <ClCompile Include="$(XmakeProjectDir)\src\tbox\platform\semaphore.c">
      <Filter>src\tbox\platform</Filter>
    </ClCompile>
    <ClCompile Include="$(XmakeProjectDir)\src\tbox\platform\socket.c">
      <Filter>src\tbox\platform</Filter>
    </ClCompile>
    <ClCompile Include="$(XmakeProjectDir)\src\tbox\platform\stdfile.c">
      <Filter>src\tbox\platform</Filter>
    </ClCompile>
    <ClCompile Include="$(XmakeProjectDir)\src\tbox\platform\syserror.c">
      <Filter>src\tbox\platform</Filter>
    </ClCompile>
    <ClCompile Include="$(XmakeProjectDir)\src\tbox\platform\thread.c">
      <Filter>src\tbox\platform</Filter>
    </ClCompile>
    <ClCompile Include="$(XmakeProjectDir)\src\tbox\platform\thread_local.c">
      <Filter>src\tbox\platform</Filter>
    </ClCompile>
    <ClCompile Include="$(XmakeProjectDir)\src\tbox\platform\thread_pool.c">
      <Filter>src\tbox\platform</Filter>
    </ClCompile>
    <ClCompile Include="$(XmakeProjectDir)\src\tbox\platform\time.c">
      <Filter>src\tbox\platform</Filter>
    </ClCompile>
    <ClCompile Include="$(XmakeProjectDir)\src\tbox\platform\timer.c">
      <Filter>src\tbox\platform</Filter>
    </ClCompile>
    <ClCompile Include="$(XmakeProjectDir)\src\tbox\platform\virtual_memory.c">
      <Filter>src\tbox\platform</Filter>
    </ClCompile>
    <ClCompile Include="$(XmakeProjectDir)\src\tbox\platform\impl\dns.c">
      <Filter>src\tbox\platform\impl</Filter>
    </ClCompile>
    <ClCompile Include="$(XmakeProjectDir)\src\tbox\platform\impl\platform.c">
      <Filter>src\tbox\platform\impl</Filter>
    </ClCompile>
    <ClCompile Include="$(XmakeProjectDir)\src\tbox\platform\impl\pollerdata.c">
      <Filter>src\tbox\platform\impl</Filter>
    </ClCompile>
    <ClCompile Include="$(XmakeProjectDir)\src\tbox\libm\acos.c">
      <Filter>src\tbox\libm</Filter>
    </ClCompile>
    <ClCompile Include="$(XmakeProjectDir)\src\tbox\libm\acosf.c">
      <Filter>src\tbox\libm</Filter>
    </ClCompile>
    <ClCompile Include="$(XmakeProjectDir)\src\tbox\libm\asin.c">
      <Filter>src\tbox\libm</Filter>
    </ClCompile>
    <ClCompile Include="$(XmakeProjectDir)\src\tbox\libm\asinf.c">
      <Filter>src\tbox\libm</Filter>
    </ClCompile>
    <ClCompile Include="$(XmakeProjectDir)\src\tbox\libm\atan.c">
      <Filter>src\tbox\libm</Filter>
    </ClCompile>
    <ClCompile Include="$(XmakeProjectDir)\src\tbox\libm\atan2.c">
      <Filter>src\tbox\libm</Filter>
    </ClCompile>
    <ClCompile Include="$(XmakeProjectDir)\src\tbox\libm\atan2f.c">
      <Filter>src\tbox\libm</Filter>
    </ClCompile>
    <ClCompile Include="$(XmakeProjectDir)\src\tbox\libm\atanf.c">
      <Filter>src\tbox\libm</Filter>
    </ClCompile>
    <ClCompile Include="$(XmakeProjectDir)\src\tbox\libm\cos.c">
      <Filter>src\tbox\libm</Filter>
    </ClCompile>
    <ClCompile Include="$(XmakeProjectDir)\src\tbox\libm\cosf.c">
      <Filter>src\tbox\libm</Filter>
    </ClCompile>
    <ClCompile Include="$(XmakeProjectDir)\src\tbox\libm\exp.c">
      <Filter>src\tbox\libm</Filter>
    </ClCompile>
    <ClCompile Include="$(XmakeProjectDir)\src\tbox\libm\exp1.c">
      <Filter>src\tbox\libm</Filter>
    </ClCompile>
    <ClCompile Include="$(XmakeProjectDir)\src\tbox\libm\exp1f.c">
      <Filter>src\tbox\libm</Filter>
    </ClCompile>
    <ClCompile Include="$(XmakeProjectDir)\src\tbox\libm\expf.c">
      <Filter>src\tbox\libm</Filter>
    </ClCompile>
    <ClCompile Include="$(XmakeProjectDir)\src\tbox\libm\expi.c">
      <Filter>src\tbox\libm</Filter>
    </ClCompile>
    <ClCompile Include="$(XmakeProjectDir)\src\tbox\libm\expif.c">
      <Filter>src\tbox\libm</Filter>
    </ClCompile>
    <ClCompile Include="$(XmakeProjectDir)\src\tbox\libm\fmod.c">
      <Filter>src\tbox\libm</Filter>
    </ClCompile>
    <ClCompile Include="$(XmakeProjectDir)\src\tbox\libm\fmodf.c">
      <Filter>src\tbox\libm</Filter>
    </ClCompile>
    <ClCompile Include="$(XmakeProjectDir)\src\tbox\libm\isfin.c">
      <Filter>src\tbox\libm</Filter>
    </ClCompile>
    <ClCompile Include="$(XmakeProjectDir)\src\tbox\libm\isfinf.c">
      <Filter>src\tbox\libm</Filter>
    </ClCompile>
    <ClCompile Include="$(XmakeProjectDir)\src\tbox\libm\isinf.c">
      <Filter>src\tbox\libm</Filter>
    </ClCompile>
    <ClCompile Include="$(XmakeProjectDir)\src\tbox\libm\isinff.c">
      <Filter>src\tbox\libm</Filter>
    </ClCompile>
    <ClCompile Include="$(XmakeProjectDir)\src\tbox\libm\isnan.c">
      <Filter>src\tbox\libm</Filter>
    </ClCompile>
    <ClCompile Include="$(XmakeProjectDir)\src\tbox\libm\isnanf.c">
      <Filter>src\tbox\libm</Filter>
    </ClCompile>
    <ClCompile Include="$(XmakeProjectDir)\src\tbox\libm\log2.c">
      <Filter>src\tbox\libm</Filter>
    </ClCompile>
    <ClCompile Include="$(XmakeProjectDir)\src\tbox\libm\log2f.c">
      <Filter>src\tbox\libm</Filter>
    </ClCompile>
    <ClCompile Include="$(XmakeProjectDir)\src\tbox\libm\pow.c">
      <Filter>src\tbox\libm</Filter>
    </ClCompile>
    <ClCompile Include="$(XmakeProjectDir)\src\tbox\libm\powf.c">
      <Filter>src\tbox\libm</Filter>
    </ClCompile>
    <ClCompile Include="$(XmakeProjectDir)\src\tbox\libm\sin.c">
      <Filter>src\tbox\libm</Filter>
    </ClCompile>
    <ClCompile Include="$(XmakeProjectDir)\src\tbox\libm\sincos.c">
      <Filter>src\tbox\libm</Filter>
    </ClCompile>
    <ClCompile Include="$(XmakeProjectDir)\src\tbox\libm\sincosf.c">
      <Filter>src\tbox\libm</Filter>
    </ClCompile>
    <ClCompile Include="$(XmakeProjectDir)\src\tbox\libm\sinf.c">
      <Filter>src\tbox\libm</Filter>
    </ClCompile>
    <ClCompile Include="$(XmakeProjectDir)\src\tbox\libm\sqrt.c">
      <Filter>src\tbox\libm</Filter>
    </ClCompile>
    <ClCompile Include="$(XmakeProjectDir)\src\tbox\libm\sqrtf.c">
      <Filter>src\tbox\libm</Filter>
    </ClCompile>
    <ClCompile Include="$(XmakeProjectDir)\src\tbox\libm\tan.c">
      <Filter>src\tbox\libm</Filter>
    </ClCompile>
    <ClCompile Include="$(XmakeProjectDir)\src\tbox\libm\tanf.c">
      <Filter>src\tbox\libm</Filter>
    </ClCompile>
    <ClCompile Include="$(XmakeProjectDir)\src\tbox\platform\windows\windows.c">
      <Filter>src\tbox\platform\windows</Filter>
    </ClCompile>
    <ClCompile Include="$(XmakeProjectDir)\src\tbox\platform\windows\iocp_object.c">
      <Filter>src\tbox\platform\windows</Filter>
    </ClCompile>
    <ClCompile Include="$(XmakeProjectDir)\src\tbox\platform\windows\socket_pool.c">
      <Filter>src\tbox\platform\windows</Filter>
    </ClCompile>
    <ClCompile Include="$(XmakeProjectDir)\src\tbox\platform\windows\interface\dbghelp.c">
      <Filter>src\tbox\platform\windows\interface</Filter>
    </ClCompile>
    <ClCompile Include="$(XmakeProjectDir)\src\tbox\platform\windows\interface\interface.c">
      <Filter>src\tbox\platform\windows\interface</Filter>
    </ClCompile>
    <ClCompile Include="$(XmakeProjectDir)\src\tbox\platform\windows\interface\iphlpapi.c">
      <Filter>src\tbox\platform\windows\interface</Filter>
    </ClCompile>
    <ClCompile Include="$(XmakeProjectDir)\src\tbox\platform\windows\interface\kernel32.c">
      <Filter>src\tbox\platform\windows\interface</Filter>
    </ClCompile>
    <ClCompile Include="$(XmakeProjectDir)\src\tbox\platform\windows\interface\mswsock.c">
      <Filter>src\tbox\platform\windows\interface</Filter>
    </ClCompile>
    <ClCompile Include="$(XmakeProjectDir)\src\tbox\platform\windows\interface\ole32.c">
      <Filter>src\tbox\platform\windows\interface</Filter>
    </ClCompile>
    <ClCompile Include="$(XmakeProjectDir)\src\tbox\platform\windows\interface\shell32.c">
      <Filter>src\tbox\platform\windows\interface</Filter>
    </ClCompile>
    <ClCompile Include="$(XmakeProjectDir)\src\tbox\platform\windows\interface\user32.c">
      <Filter>src\tbox\platform\windows\interface</Filter>
    </ClCompile>
    <ClCompile Include="$(XmakeProjectDir)\src\tbox\platform\windows\interface\ws2_32.c">
      <Filter>src\tbox\platform\windows\interface</Filter>
    </ClCompile>



  </ItemGroup>
  <ItemGroup>

  </ItemGroup>
  <ItemGroup>


  </ItemGroup>
  <Import Condition="Exists('$(MSBuildThisFileDirectory)\Xmake.Custom.files.filters')"
    Project="$(MSBuildThisFileDirectory)\Xmake.Custom.files.filters" />
</Project>
