<?xml version="1.0" encoding="utf-8"?>
<!--
xmake version 2.5.5+202107010648

  This file is auto generated by xmake.

  Please DO NOT EDIT since all your modification will lost after re-generation.
  See https://github.com/xmake-io/xmake/pull/472 for more infomation.
-->
<Project ToolsVersion="4.0" xmlns="http://schemas.microsoft.com/developer/msbuild/2003">
  <ItemGroup>
    <Filter Include="Properties">
      <UniqueIdentifier>{CC7C6180-942D-056E-3227-E6A2B3FB19CD}</UniqueIdentifier>
    </Filter>
    <Filter Include="src\demo\stream">
      <UniqueIdentifier>{594A7C0C-38A9-4F47-BC0B-8D3E3E6020DB}</UniqueIdentifier>
    </Filter>
    <Filter Include="src\demo\memory\impl">
      <UniqueIdentifier>{87A74935-BBC5-4653-A396-6E1601CAE97C}</UniqueIdentifier>
    </Filter>
    <Filter Include="src\demo\utils">
      <UniqueIdentifier>{9A19A051-7041-46B5-9ABD-282F8E334BE8}</UniqueIdentifier>
    </Filter>
    <Filter Include="src\demo\string">
      <UniqueIdentifier>{7571B29E-9179-429D-ADF8-AEAE7ECFF7F2}</UniqueIdentifier>
    </Filter>
    <Filter Include="src\demo\algorithm">
      <UniqueIdentifier>{54C9DEE7-20D2-49F9-BB62-CC044EB53209}</UniqueIdentifier>
    </Filter>
    <Filter Include="src\demo\memory">
      <UniqueIdentifier>{09CACB14-7A95-43E0-AE5E-A1CE69FFCE42}</UniqueIdentifier>
    </Filter>
    <Filter Include="src\demo\stream\stream">
      <UniqueIdentifier>{8E1C1FBE-D1EF-442A-B62E-AA7E30008914}</UniqueIdentifier>
    </Filter>
    <Filter Include="src\demo\platform">
      <UniqueIdentifier>{ADCA18E8-64CE-4827-A42C-537140D00C84}</UniqueIdentifier>
    </Filter>
    <Filter Include="src\demo">
      <UniqueIdentifier>{E115F13A-4B77-4758-A264-2E90AF86879A}</UniqueIdentifier>
    </Filter>
    <Filter Include="src\demo\math">
      <UniqueIdentifier>{56B786A6-50ED-4CD2-8652-95CE56F02FF6}</UniqueIdentifier>
    </Filter>
    <Filter Include="src\demo\network">
      <UniqueIdentifier>{597B074D-E9CD-49A0-B697-AA4EF9B96D68}</UniqueIdentifier>
    </Filter>
    <Filter Include="src\demo\container">
      <UniqueIdentifier>{C7FFE04F-9DDE-487A-B5CD-1F8A59B20005}</UniqueIdentifier>
    </Filter>
    <Filter Include="src\demo\network\impl">
      <UniqueIdentifier>{8310F12B-8306-4C22-B00E-59D1A956A1DF}</UniqueIdentifier>
    </Filter>
    <Filter Include="src\demo\other">
      <UniqueIdentifier>{47C21CE5-F025-419E-B47D-7B45E1BFEE6E}</UniqueIdentifier>
    </Filter>
    <Filter Include="src\demo\libc">
      <UniqueIdentifier>{6ABC3565-9595-4ABF-9181-3A58A1BFFAE0}</UniqueIdentifier>
    </Filter>
    <Filter Include="src\demo\libm">
      <UniqueIdentifier>{B1F60F9E-FB26-478E-AB18-B5DC2FB238E4}</UniqueIdentifier>
    </Filter>
    <Filter Include="src">
      <UniqueIdentifier>{491FBF00-292E-479F-8C8F-7A2AC045023A}</UniqueIdentifier>
    </Filter>

  </ItemGroup>
  <ItemGroup>
    <None Include="$(MSBuildProjectDirectory)\Xmake.Custom.props">
      <Filter>Properties</Filter>
    </None>
    <None Include="$(MSBuildProjectDirectory)\Xmake.Custom.targets">
      <Filter>Properties</Filter>
    </None>
    <None Include="$(MSBuildProjectDirectory)\Xmake.Custom.items">
      <Filter>Properties</Filter>
    </None>
    <None Include="$(MSBuildProjectDirectory)\Xmake.Custom.items.filters">
      <Filter>Properties</Filter>
    </None>
    <None Include="$(XmakeScriptDir)\xmake.lua">
      <Filter>Properties</Filter>
    </None>
  </ItemGroup>
  <ItemGroup>


  </ItemGroup>
  <ItemGroup>
    <ClCompile Include="$(XmakeProjectDir)\src\demo\demo.c">
      <Filter>src\demo</Filter>
    </ClCompile>
    <ClCompile Include="$(XmakeProjectDir)\src\demo\libc\mbstowcs.c">
      <Filter>src\demo\libc</Filter>
    </ClCompile>
    <ClCompile Include="$(XmakeProjectDir)\src\demo\libc\stdlib.c">
      <Filter>src\demo\libc</Filter>
    </ClCompile>
    <ClCompile Include="$(XmakeProjectDir)\src\demo\libc\string.c">
      <Filter>src\demo\libc</Filter>
    </ClCompile>
    <ClCompile Include="$(XmakeProjectDir)\src\demo\libc\time.c">
      <Filter>src\demo\libc</Filter>
    </ClCompile>
    <ClCompile Include="$(XmakeProjectDir)\src\demo\libc\wchar.c">
      <Filter>src\demo\libc</Filter>
    </ClCompile>
    <ClCompile Include="$(XmakeProjectDir)\src\demo\libc\wcstombs.c">
      <Filter>src\demo\libc</Filter>
    </ClCompile>
    <ClCompile Include="$(XmakeProjectDir)\src\demo\libm\integer.c">
      <Filter>src\demo\libm</Filter>
    </ClCompile>
    <ClCompile Include="$(XmakeProjectDir)\src\demo\math\random.c">
      <Filter>src\demo\math</Filter>
    </ClCompile>
    <ClCompile Include="$(XmakeProjectDir)\src\demo\utils\base32.c">
      <Filter>src\demo\utils</Filter>
    </ClCompile>
    <ClCompile Include="$(XmakeProjectDir)\src\demo\utils\base64.c">
      <Filter>src\demo\utils</Filter>
    </ClCompile>
    <ClCompile Include="$(XmakeProjectDir)\src\demo\utils\bits.c">
      <Filter>src\demo\utils</Filter>
    </ClCompile>
    <ClCompile Include="$(XmakeProjectDir)\src\demo\utils\dump.c">
      <Filter>src\demo\utils</Filter>
    </ClCompile>
    <ClCompile Include="$(XmakeProjectDir)\src\demo\utils\url.c">
      <Filter>src\demo\utils</Filter>
    </ClCompile>
    <ClCompile Include="$(XmakeProjectDir)\src\demo\other\test.c">
      <Filter>src\demo\other</Filter>
    </ClCompile>
    <ClCompile Include="$(XmakeProjectDir)\src\demo\string\static_string.c">
      <Filter>src\demo\string</Filter>
    </ClCompile>
    <ClCompile Include="$(XmakeProjectDir)\src\demo\string\string.c">
      <Filter>src\demo\string</Filter>
    </ClCompile>
    <ClCompile Include="$(XmakeProjectDir)\src\demo\memory\buffer.c">
      <Filter>src\demo\memory</Filter>
    </ClCompile>
    <ClCompile Include="$(XmakeProjectDir)\src\demo\memory\check.c">
      <Filter>src\demo\memory</Filter>
    </ClCompile>
    <ClCompile Include="$(XmakeProjectDir)\src\demo\memory\default_allocator.c">
      <Filter>src\demo\memory</Filter>
    </ClCompile>
    <ClCompile Include="$(XmakeProjectDir)\src\demo\memory\fixed_pool.c">
      <Filter>src\demo\memory</Filter>
    </ClCompile>
    <ClCompile Include="$(XmakeProjectDir)\src\demo\memory\impl\static_fixed_pool.c">
      <Filter>src\demo\memory\impl</Filter>
    </ClCompile>
    <ClCompile Include="$(XmakeProjectDir)\src\demo\memory\large_pool.c">
      <Filter>src\demo\memory</Filter>
    </ClCompile>
    <ClCompile Include="$(XmakeProjectDir)\src\demo\memory\memops.c">
      <Filter>src\demo\memory</Filter>
    </ClCompile>
    <ClCompile Include="$(XmakeProjectDir)\src\demo\memory\queue_buffer.c">
      <Filter>src\demo\memory</Filter>
    </ClCompile>
    <ClCompile Include="$(XmakeProjectDir)\src\demo\memory\small_allocator.c">
      <Filter>src\demo\memory</Filter>
    </ClCompile>
    <ClCompile Include="$(XmakeProjectDir)\src\demo\memory\static_buffer.c">
      <Filter>src\demo\memory</Filter>
    </ClCompile>
    <ClCompile Include="$(XmakeProjectDir)\src\demo\memory\string_pool.c">
      <Filter>src\demo\memory</Filter>
    </ClCompile>
    <ClCompile Include="$(XmakeProjectDir)\src\demo\platform\addrinfo.c">
      <Filter>src\demo\platform</Filter>
    </ClCompile>
    <ClCompile Include="$(XmakeProjectDir)\src\demo\platform\atomic.c">
      <Filter>src\demo\platform</Filter>
    </ClCompile>
    <ClCompile Include="$(XmakeProjectDir)\src\demo\platform\atomic32.c">
      <Filter>src\demo\platform</Filter>
    </ClCompile>
    <ClCompile Include="$(XmakeProjectDir)\src\demo\platform\atomic64.c">
      <Filter>src\demo\platform</Filter>
    </ClCompile>
    <ClCompile Include="$(XmakeProjectDir)\src\demo\platform\backtrace.c">
      <Filter>src\demo\platform</Filter>
    </ClCompile>
    <ClCompile Include="$(XmakeProjectDir)\src\demo\platform\cache_time.c">
      <Filter>src\demo\platform</Filter>
    </ClCompile>
    <ClCompile Include="$(XmakeProjectDir)\src\demo\platform\directory.c">
      <Filter>src\demo\platform</Filter>
    </ClCompile>
    <ClCompile Include="$(XmakeProjectDir)\src\demo\platform\environment.c">
      <Filter>src\demo\platform</Filter>
    </ClCompile>
    <ClCompile Include="$(XmakeProjectDir)\src\demo\platform\event.c">
      <Filter>src\demo\platform</Filter>
    </ClCompile>
    <ClCompile Include="$(XmakeProjectDir)\src\demo\platform\file.c">
      <Filter>src\demo\platform</Filter>
    </ClCompile>
    <ClCompile Include="$(XmakeProjectDir)\src\demo\platform\filelock.c">
      <Filter>src\demo\platform</Filter>
    </ClCompile>
    <ClCompile Include="$(XmakeProjectDir)\src\demo\platform\hostname.c">
      <Filter>src\demo\platform</Filter>
    </ClCompile>
    <ClCompile Include="$(XmakeProjectDir)\src\demo\platform\ifaddrs.c">
      <Filter>src\demo\platform</Filter>
    </ClCompile>
    <ClCompile Include="$(XmakeProjectDir)\src\demo\platform\lock.c">
      <Filter>src\demo\platform</Filter>
    </ClCompile>
    <ClCompile Include="$(XmakeProjectDir)\src\demo\platform\ltimer.c">
      <Filter>src\demo\platform</Filter>
    </ClCompile>
    <ClCompile Include="$(XmakeProjectDir)\src\demo\platform\named_pipe.c">
      <Filter>src\demo\platform</Filter>
    </ClCompile>
    <ClCompile Include="$(XmakeProjectDir)\src\demo\platform\path.c">
      <Filter>src\demo\platform</Filter>
    </ClCompile>
    <ClCompile Include="$(XmakeProjectDir)\src\demo\platform\pipe_pair.c">
      <Filter>src\demo\platform</Filter>
    </ClCompile>
    <ClCompile Include="$(XmakeProjectDir)\src\demo\platform\poller_client.c">
      <Filter>src\demo\platform</Filter>
    </ClCompile>
    <ClCompile Include="$(XmakeProjectDir)\src\demo\platform\poller_pipe.c">
      <Filter>src\demo\platform</Filter>
    </ClCompile>
    <ClCompile Include="$(XmakeProjectDir)\src\demo\platform\poller_process.c">
      <Filter>src\demo\platform</Filter>
    </ClCompile>
    <ClCompile Include="$(XmakeProjectDir)\src\demo\platform\poller_server.c">
      <Filter>src\demo\platform</Filter>
    </ClCompile>
    <ClCompile Include="$(XmakeProjectDir)\src\demo\platform\process.c">
      <Filter>src\demo\platform</Filter>
    </ClCompile>
    <ClCompile Include="$(XmakeProjectDir)\src\demo\platform\sched.c">
      <Filter>src\demo\platform</Filter>
    </ClCompile>
    <ClCompile Include="$(XmakeProjectDir)\src\demo\platform\semaphore.c">
      <Filter>src\demo\platform</Filter>
    </ClCompile>
    <ClCompile Include="$(XmakeProjectDir)\src\demo\platform\stdfile.c">
      <Filter>src\demo\platform</Filter>
    </ClCompile>
    <ClCompile Include="$(XmakeProjectDir)\src\demo\platform\thread.c">
      <Filter>src\demo\platform</Filter>
    </ClCompile>
    <ClCompile Include="$(XmakeProjectDir)\src\demo\platform\thread_local.c">
      <Filter>src\demo\platform</Filter>
    </ClCompile>
    <ClCompile Include="$(XmakeProjectDir)\src\demo\platform\thread_pool.c">
      <Filter>src\demo\platform</Filter>
    </ClCompile>
    <ClCompile Include="$(XmakeProjectDir)\src\demo\platform\timer.c">
      <Filter>src\demo\platform</Filter>
    </ClCompile>
    <ClCompile Include="$(XmakeProjectDir)\src\demo\platform\utils.c">
      <Filter>src\demo\platform</Filter>
    </ClCompile>
    <ClCompile Include="$(XmakeProjectDir)\src\demo\container\bloom_filter.c">
      <Filter>src\demo\container</Filter>
    </ClCompile>
    <ClCompile Include="$(XmakeProjectDir)\src\demo\container\circle_queue.c">
      <Filter>src\demo\container</Filter>
    </ClCompile>
    <ClCompile Include="$(XmakeProjectDir)\src\demo\container\hash_map.c">
      <Filter>src\demo\container</Filter>
    </ClCompile>
    <ClCompile Include="$(XmakeProjectDir)\src\demo\container\hash_set.c">
      <Filter>src\demo\container</Filter>
    </ClCompile>
    <ClCompile Include="$(XmakeProjectDir)\src\demo\container\heap.c">
      <Filter>src\demo\container</Filter>
    </ClCompile>
    <ClCompile Include="$(XmakeProjectDir)\src\demo\container\list.c">
      <Filter>src\demo\container</Filter>
    </ClCompile>
    <ClCompile Include="$(XmakeProjectDir)\src\demo\container\list_entry.c">
      <Filter>src\demo\container</Filter>
    </ClCompile>
    <ClCompile Include="$(XmakeProjectDir)\src\demo\container\queue.c">
      <Filter>src\demo\container</Filter>
    </ClCompile>
    <ClCompile Include="$(XmakeProjectDir)\src\demo\container\single_list.c">
      <Filter>src\demo\container</Filter>
    </ClCompile>
    <ClCompile Include="$(XmakeProjectDir)\src\demo\container\single_list_entry.c">
      <Filter>src\demo\container</Filter>
    </ClCompile>
    <ClCompile Include="$(XmakeProjectDir)\src\demo\container\stack.c">
      <Filter>src\demo\container</Filter>
    </ClCompile>
    <ClCompile Include="$(XmakeProjectDir)\src\demo\container\vector.c">
      <Filter>src\demo\container</Filter>
    </ClCompile>
    <ClCompile Include="$(XmakeProjectDir)\src\demo\algorithm\find.c">
      <Filter>src\demo\algorithm</Filter>
    </ClCompile>
    <ClCompile Include="$(XmakeProjectDir)\src\demo\algorithm\sort.c">
      <Filter>src\demo\algorithm</Filter>
    </ClCompile>
    <ClCompile Include="$(XmakeProjectDir)\src\demo\stream\stream.c">
      <Filter>src\demo\stream</Filter>
    </ClCompile>
    <ClCompile Include="$(XmakeProjectDir)\src\demo\stream\stream\cache.c">
      <Filter>src\demo\stream\stream</Filter>
    </ClCompile>
    <ClCompile Include="$(XmakeProjectDir)\src\demo\stream\stream\charset.c">
      <Filter>src\demo\stream\stream</Filter>
    </ClCompile>
    <ClCompile Include="$(XmakeProjectDir)\src\demo\stream\stream\null.c">
      <Filter>src\demo\stream\stream</Filter>
    </ClCompile>
    <ClCompile Include="$(XmakeProjectDir)\src\demo\stream\stream\zip.c">
      <Filter>src\demo\stream\stream</Filter>
    </ClCompile>
    <ClCompile Include="$(XmakeProjectDir)\src\demo\network\cookies.c">
      <Filter>src\demo\network</Filter>
    </ClCompile>
    <ClCompile Include="$(XmakeProjectDir)\src\demo\network\dns.c">
      <Filter>src\demo\network</Filter>
    </ClCompile>
    <ClCompile Include="$(XmakeProjectDir)\src\demo\network\http.c">
      <Filter>src\demo\network</Filter>
    </ClCompile>
    <ClCompile Include="$(XmakeProjectDir)\src\demo\network\hwaddr.c">
      <Filter>src\demo\network</Filter>
    </ClCompile>
    <ClCompile Include="$(XmakeProjectDir)\src\demo\network\impl\date.c">
      <Filter>src\demo\network\impl</Filter>
    </ClCompile>
    <ClCompile Include="$(XmakeProjectDir)\src\demo\network\ipaddr.c">
      <Filter>src\demo\network</Filter>
    </ClCompile>
    <ClCompile Include="$(XmakeProjectDir)\src\demo\network\ipv4.c">
      <Filter>src\demo\network</Filter>
    </ClCompile>
    <ClCompile Include="$(XmakeProjectDir)\src\demo\network\ipv6.c">
      <Filter>src\demo\network</Filter>
    </ClCompile>
    <ClCompile Include="$(XmakeProjectDir)\src\demo\network\ping.c">
      <Filter>src\demo\network</Filter>
    </ClCompile>
    <ClCompile Include="$(XmakeProjectDir)\src\demo\network\unixaddr.c">
      <Filter>src\demo\network</Filter>
    </ClCompile>
    <ClCompile Include="$(XmakeProjectDir)\src\demo\network\unix_echo_client.c">
      <Filter>src\demo\network</Filter>
    </ClCompile>
    <ClCompile Include="$(XmakeProjectDir)\src\demo\network\unix_echo_server.c">
      <Filter>src\demo\network</Filter>
    </ClCompile>
    <ClCompile Include="$(XmakeProjectDir)\src\demo\network\url.c">
      <Filter>src\demo\network</Filter>
    </ClCompile>
    <ClCompile Include="$(XmakeProjectDir)\src\demo\network\whois.c">
      <Filter>src\demo\network</Filter>
    </ClCompile>
    <ClCompile Include="$(XmakeProjectDir)\src\demo\math\fixed.c">
      <Filter>src\demo\math</Filter>
    </ClCompile>
    <ClCompile Include="$(XmakeProjectDir)\src\demo\libm\float.c">
      <Filter>src\demo\libm</Filter>
    </ClCompile>
    <ClCompile Include="$(XmakeProjectDir)\src\demo\libm\double.c">
      <Filter>src\demo\libm</Filter>
    </ClCompile>

    <ClCompile Include="$(XmakeProjectDir)\src\demo\other\test.cpp">
      <Filter>src\demo\other</Filter>
    </ClCompile>


  </ItemGroup>
  <ItemGroup>

  </ItemGroup>
  <ItemGroup>


  </ItemGroup>
  <Import Condition="Exists('$(MSBuildThisFileDirectory)\Xmake.Custom.files.filters')"
    Project="$(MSBuildThisFileDirectory)\Xmake.Custom.files.filters" />
</Project>
